{
  "version": 4,
  "terraform_version": "1.12.1",
  "serial": 92,
  "lineage": "dd32e3f7-ae3f-8026-dbe6-85bfb4b25a41",
  "outputs": {
    "workspace": {
      "value": "0e47b2e9-d1b5-456c-95fc-991b47120467",
      "type": "string"
    }
  },
  "resources": [
    {
      "mode": "managed",
      "type": "tailor_application",
      "name": "ims",
      "provider": "provider[\"registry.terraform.io/tailor-platform/tailor\"]",
      "instances": [
        {
          "schema_version": 0,
          "attributes": {
            "allowed_ip_addresses": [
              "0.0.0.0/0"
            ],
            "auth": {
              "idp_config_name": "saml",
              "namespace": "ims-auth"
            },
            "cors": [
              "http://localhost:8080",
              "http://localhost:8081"
            ],
            "disable_introspection": null,
            "disabled": false,
            "domain": "ims-9oj59jb4eq.erp.dev",
            "id": "trn:v1:workspace:0e47b2e9-d1b5-456c-95fc-991b47120467:application:ims",
            "name": "ims",
            "subgraphs": [
              {
                "namespace": "ims",
                "type": "tailordb"
              },
              {
                "namespace": "ims",
                "type": "pipeline"
              },
              {
                "namespace": "ims-auth",
                "type": "auth"
              },
              {
                "namespace": "ims",
                "type": "stateflow"
              }
            ],
            "url": "https://ims-9oj59jb4eq.erp.dev",
            "workspace_id": "0e47b2e9-d1b5-456c-95fc-991b47120467"
          },
          "sensitive_attributes": [],
          "identity_schema_version": 0,
          "dependencies": [
            "tailor_auth.ims_auth",
            "tailor_auth_idp_config.saml",
            "tailor_auth_machine_user.r2d2",
            "tailor_pipeline.ims",
            "tailor_secretmanager_secret.saml-cert",
            "tailor_secretmanager_secret.saml-key",
            "tailor_secretmanager_vault.default",
            "tailor_stateflow.ims",
            "tailor_tailordb.ims",
            "tailor_workspace.ims"
          ]
        }
      ]
    },
    {
      "mode": "managed",
      "type": "tailor_auth",
      "name": "ims_auth",
      "provider": "provider[\"registry.terraform.io/tailor-platform/tailor\"]",
      "instances": [
        {
          "schema_version": 0,
          "attributes": {
            "id": "trn:v1:workspace:0e47b2e9-d1b5-456c-95fc-991b47120467:auth:ims-auth",
            "namespace": "ims-auth",
            "workspace_id": "0e47b2e9-d1b5-456c-95fc-991b47120467"
          },
          "sensitive_attributes": [],
          "identity_schema_version": 0,
          "dependencies": [
            "tailor_workspace.ims"
          ]
        }
      ]
    },
    {
      "mode": "managed",
      "type": "tailor_auth_idp_config",
      "name": "saml",
      "provider": "provider[\"registry.terraform.io/tailor-platform/tailor\"]",
      "instances": [
        {
          "schema_version": 0,
          "attributes": {
            "id": "trn:v1:workspace:0e47b2e9-d1b5-456c-95fc-991b47120467:auth:ims-auth:idp_config:saml",
            "id_token_config": null,
            "name": "saml",
            "namespace": "ims-auth",
            "oidc_config": null,
            "saml_config": {
              "metadata_url": "https://dev-uriukbxe1n5cqxwz.us.auth0.com/samlp/metadata/ulIr9rgHeytUQYSRl9j2WvrwPJn9XaXx",
              "sp_cert_base64": {
                "secret_name": "saml-cert",
                "vault_name": "default"
              },
              "sp_key_base64": {
                "secret_name": "saml-key",
                "vault_name": "default"
              }
            },
            "workspace_id": "0e47b2e9-d1b5-456c-95fc-991b47120467"
          },
          "sensitive_attributes": [],
          "identity_schema_version": 0,
          "dependencies": [
            "tailor_auth.ims_auth",
            "tailor_secretmanager_secret.saml-cert",
            "tailor_secretmanager_secret.saml-key",
            "tailor_secretmanager_vault.default",
            "tailor_workspace.ims"
          ]
        }
      ]
    },
    {
      "mode": "managed",
      "type": "tailor_auth_machine_user",
      "name": "r2d2",
      "provider": "provider[\"registry.terraform.io/tailor-platform/tailor\"]",
      "instances": [
        {
          "schema_version": 0,
          "attributes": {
            "attributes": [
              "75921960-d5f8-a78c-75ca-8f231849dc94"
            ],
            "client_id": "r0cuZmbHOLIV4x7vVBlt9ZR8C2wVhNJi.ims-auth",
            "client_secret": "CjR8mgI9u1KMfn6kRFRWEFc3f1pIpTRv9YpUDcTsU_c",
            "id": "trn:v1:workspace:0e47b2e9-d1b5-456c-95fc-991b47120467:auth:ims-auth:machine_user:r2d2",
            "name": "r2d2",
            "namespace": "ims-auth",
            "workspace_id": "0e47b2e9-d1b5-456c-95fc-991b47120467"
          },
          "sensitive_attributes": [
            [
              {
                "type": "get_attr",
                "value": "client_secret"
              }
            ]
          ],
          "identity_schema_version": 0,
          "dependencies": [
            "tailor_auth.ims_auth",
            "tailor_workspace.ims"
          ]
        }
      ]
    },
    {
      "mode": "managed",
      "type": "tailor_auth_oauth2_client",
      "name": "oauth2-client",
      "provider": "provider[\"registry.terraform.io/tailor-platform/tailor\"]",
      "instances": [
        {
          "schema_version": 0,
          "attributes": {
            "description": "Oauth2 client",
            "grant_types": [
              "authorization_code",
              "refresh_token"
            ],
            "id": "trn:v1:workspace:0e47b2e9-d1b5-456c-95fc-991b47120467:auth:ims-auth:oauth2_client:oauth2-client",
            "name": "oauth2-client",
            "namespace": "ims-auth",
            "redirect_uris": [
              "http://localhost:3000/__oauth/callback",
              "http://tailorctl.tailor.tech:8086/callback"
            ],
            "workspace_id": "0e47b2e9-d1b5-456c-95fc-991b47120467"
          },
          "sensitive_attributes": [],
          "identity_schema_version": 0,
          "dependencies": [
            "tailor_auth.ims_auth",
            "tailor_workspace.ims"
          ]
        }
      ]
    },
    {
      "mode": "managed",
      "type": "tailor_auth_user_profile_config",
      "name": "character",
      "provider": "provider[\"registry.terraform.io/tailor-platform/tailor\"]",
      "instances": [
        {
          "schema_version": 0,
          "attributes": {
            "id": "trn:v1:workspace:0e47b2e9-d1b5-456c-95fc-991b47120467:auth:ims-auth:user_profile",
            "namespace": "ims-auth",
            "tailordb_config": {
              "attribute_fields": [
                "roles"
              ],
              "namespace": "ims",
              "tenant_id_field": null,
              "type": "Character",
              "username_field": "email"
            },
            "workspace_id": "0e47b2e9-d1b5-456c-95fc-991b47120467"
          },
          "sensitive_attributes": [],
          "identity_schema_version": 0,
          "dependencies": [
            "tailor_auth.ims_auth",
            "tailor_auth_machine_user.r2d2",
            "tailor_tailordb.ims",
            "tailor_tailordb_type.character",
            "tailor_workspace.ims"
          ]
        }
      ]
    },
    {
      "mode": "managed",
      "type": "tailor_executor",
      "name": "event_based_executor",
      "provider": "provider[\"registry.terraform.io/tailor-platform/tailor\"]",
      "instances": [
        {
          "schema_version": 0,
          "attributes": {
            "description": "Execute query based on an event",
            "disabled": false,
            "id": "trn:v1:workspace:0e47b2e9-d1b5-456c-95fc-991b47120467:executor:event-based-executor",
            "name": "event-based-executor",
            "operation": {
              "function": null,
              "job_function": null,
              "tailor_graphql": {
                "app_name": "ims",
                "invoker": {
                  "event_user": true,
                  "machine_user": null
                },
                "query": "        mutation createProduct($categoryID: ID!, $title: String!) {\n        createProduct(input: {\n            categoryID: $categoryID\n            title: $title\n        }) {\n            id\n        }\n        }\n",
                "variables": "        ({\n        \"categoryID\": args.newRecord.id,\n        \"title\": args.newRecord.name + \"Product\"\n        })\n"
              },
              "webhook": null
            },
            "trigger": {
              "event": {
                "condition": "        args.namespaceName == \"ims\" \u0026\u0026 args.typeName == \"Category\"\n",
                "type": "tailordb.type_record.created"
              },
              "schedule": null,
              "webhook": null
            },
            "workspace_id": "0e47b2e9-d1b5-456c-95fc-991b47120467"
          },
          "sensitive_attributes": [],
          "identity_schema_version": 0,
          "dependencies": [
            "tailor_application.ims",
            "tailor_auth.ims_auth",
            "tailor_auth_idp_config.saml",
            "tailor_auth_machine_user.r2d2",
            "tailor_pipeline.ims",
            "tailor_secretmanager_secret.saml-cert",
            "tailor_secretmanager_secret.saml-key",
            "tailor_secretmanager_vault.default",
            "tailor_stateflow.ims",
            "tailor_tailordb.ims",
            "tailor_workspace.ims"
          ]
        }
      ]
    },
    {
      "mode": "managed",
      "type": "tailor_executor",
      "name": "eventbased_executor_pipeline_1",
      "provider": "provider[\"registry.terraform.io/tailor-platform/tailor\"]",
      "instances": [
        {
          "schema_version": 0,
          "attributes": {
            "description": "Create new product based on a successful event",
            "disabled": false,
            "id": "trn:v1:workspace:0e47b2e9-d1b5-456c-95fc-991b47120467:executor:eventbased-executor-pipeline-1",
            "name": "eventbased-executor-pipeline-1",
            "operation": {
              "function": null,
              "job_function": null,
              "tailor_graphql": {
                "app_name": "ims",
                "invoker": {
                  "event_user": true,
                  "machine_user": null
                },
                "query": "      mutation createProduct($title: String!, $description: String!) {\n\t\tcreateProduct(input: {title: $title, description: $description}) {\n\t\t  id\n\t\t}\n\t  }\n",
                "variables": "      ({\n\t\t  \"title\": args.succeeded.result.pipelines.createProduct.id,\n\t\t  \"description\": \"Created with a trigger\"\n\t  })\n"
              },
              "webhook": null
            },
            "trigger": {
              "event": {
                "condition": "        args.namespaceName == \"ims\" \u0026\u0026 args.resolverName == \"createCategoryForProduct\" \u0026\u0026 args.succeeded != null\n",
                "type": "pipeline.resolver.executed"
              },
              "schedule": null,
              "webhook": null
            },
            "workspace_id": "0e47b2e9-d1b5-456c-95fc-991b47120467"
          },
          "sensitive_attributes": [],
          "identity_schema_version": 0,
          "dependencies": [
            "tailor_application.ims",
            "tailor_auth.ims_auth",
            "tailor_auth_idp_config.saml",
            "tailor_auth_machine_user.r2d2",
            "tailor_pipeline.ims",
            "tailor_secretmanager_secret.saml-cert",
            "tailor_secretmanager_secret.saml-key",
            "tailor_secretmanager_vault.default",
            "tailor_stateflow.ims",
            "tailor_tailordb.ims",
            "tailor_workspace.ims"
          ]
        }
      ]
    },
    {
      "mode": "managed",
      "type": "tailor_executor",
      "name": "eventbased_executor_pipeline_2",
      "provider": "provider[\"registry.terraform.io/tailor-platform/tailor\"]",
      "instances": [
        {
          "schema_version": 0,
          "attributes": {
            "description": "Create new product based on a failed pipeline",
            "disabled": false,
            "id": "trn:v1:workspace:0e47b2e9-d1b5-456c-95fc-991b47120467:executor:eventbased-executor-pipeline-2",
            "name": "eventbased-executor-pipeline-2",
            "operation": {
              "function": null,
              "job_function": null,
              "tailor_graphql": {
                "app_name": "ims",
                "invoker": {
                  "event_user": true,
                  "machine_user": null
                },
                "query": "      mutation createProduct($title: String!) {\n\t\tcreateProduct(input: {title: $title}) {\n\t\t  id\n\t\t}\n\t  }\n",
                "variables": "      ({\n\t\t  \"title\": args.actor.workspaceId\n\t  })\n"
              },
              "webhook": null
            },
            "trigger": {
              "event": {
                "condition": "        args.namespaceName == \"ims\" \u0026\u0026 args.resolverName == \"createCategoryForProduct\" \u0026\u0026 args.failed != null\n",
                "type": "pipeline.resolver.executed"
              },
              "schedule": null,
              "webhook": null
            },
            "workspace_id": "0e47b2e9-d1b5-456c-95fc-991b47120467"
          },
          "sensitive_attributes": [],
          "identity_schema_version": 0,
          "dependencies": [
            "tailor_application.ims",
            "tailor_auth.ims_auth",
            "tailor_auth_idp_config.saml",
            "tailor_auth_machine_user.r2d2",
            "tailor_pipeline.ims",
            "tailor_secretmanager_secret.saml-cert",
            "tailor_secretmanager_secret.saml-key",
            "tailor_secretmanager_vault.default",
            "tailor_stateflow.ims",
            "tailor_tailordb.ims",
            "tailor_workspace.ims"
          ]
        }
      ]
    },
    {
      "mode": "managed",
      "type": "tailor_executor",
      "name": "incoming_webhook_based_executor",
      "provider": "provider[\"registry.terraform.io/tailor-platform/tailor\"]",
      "instances": [
        {
          "schema_version": 0,
          "attributes": {
            "description": "exposes an endpoint",
            "disabled": false,
            "id": "trn:v1:workspace:0e47b2e9-d1b5-456c-95fc-991b47120467:executor:incoming-webhook-based-executor",
            "name": "incoming-webhook-based-executor",
            "operation": {
              "function": null,
              "job_function": null,
              "tailor_graphql": {
                "app_name": "ims",
                "invoker": {
                  "event_user": true,
                  "machine_user": null
                },
                "query": "      mutation createProduct($title: String!) {\n\t\tcreateProduct(input: {title: $title}) {\n\t\t  id\n\t\t}\n\t  }\n",
                "variables": "      ({\n\t\t  \"title\": args.title\n\t  })\n"
              },
              "webhook": null
            },
            "trigger": {
              "event": null,
              "schedule": null,
              "webhook": {
                "url": "https://api.erp.dev/v1/workspaces/0e47b2e9-d1b5-456c-95fc-991b47120467/executors/incoming-webhook-based-executor/invokeIncomingWebhook/KEzCJGMgbYqUmrWkyWFiYjUWJUZELUOo"
              }
            },
            "workspace_id": "0e47b2e9-d1b5-456c-95fc-991b47120467"
          },
          "sensitive_attributes": [],
          "identity_schema_version": 0,
          "dependencies": [
            "tailor_application.ims",
            "tailor_auth.ims_auth",
            "tailor_auth_idp_config.saml",
            "tailor_auth_machine_user.r2d2",
            "tailor_pipeline.ims",
            "tailor_secretmanager_secret.saml-cert",
            "tailor_secretmanager_secret.saml-key",
            "tailor_secretmanager_vault.default",
            "tailor_stateflow.ims",
            "tailor_tailordb.ims",
            "tailor_workspace.ims"
          ]
        }
      ]
    },
    {
      "mode": "managed",
      "type": "tailor_executor",
      "name": "slack_notification",
      "provider": "provider[\"registry.terraform.io/tailor-platform/tailor\"]",
      "instances": [
        {
          "schema_version": 0,
          "attributes": {
            "description": "notify slack when a new product is created",
            "disabled": false,
            "id": "trn:v1:workspace:0e47b2e9-d1b5-456c-95fc-991b47120467:executor:slack-notification",
            "name": "slack-notification",
            "operation": {
              "function": null,
              "job_function": null,
              "tailor_graphql": null,
              "webhook": {
                "body": "        ({\n            \"text\": \"New Product Registration :tada: \" + args.newRecord.title\n        })\n",
                "headers": [
                  {
                    "key": "Content-Type",
                    "raw_value": "application/json",
                    "secret_value": null
                  }
                ],
                "signature_secret": null,
                "url": "    \"https://hooks.slack.com/services/yourServiceName\"\n"
              }
            },
            "trigger": {
              "event": {
                "condition": "args.typeName == \"Product\"",
                "type": "tailordb.type_record.created"
              },
              "schedule": null,
              "webhook": null
            },
            "workspace_id": "0e47b2e9-d1b5-456c-95fc-991b47120467"
          },
          "sensitive_attributes": [],
          "identity_schema_version": 0,
          "dependencies": [
            "tailor_workspace.ims"
          ]
        }
      ]
    },
    {
      "mode": "managed",
      "type": "tailor_pipeline",
      "name": "ims",
      "provider": "provider[\"registry.terraform.io/tailor-platform/tailor\"]",
      "instances": [
        {
          "schema_version": 0,
          "attributes": {
            "common_sdl": "  # here we define common types used in the pipeline\n  type Query {\n    dummy: Boolean\n  }\n\n  type Mutation {\n    dummy: Boolean\n  }\n",
            "id": "trn:v1:workspace:0e47b2e9-d1b5-456c-95fc-991b47120467:pipeline:ims",
            "namespace": "ims",
            "workspace_id": "0e47b2e9-d1b5-456c-95fc-991b47120467"
          },
          "sensitive_attributes": [],
          "identity_schema_version": 0,
          "dependencies": [
            "tailor_workspace.ims"
          ]
        }
      ]
    },
    {
      "mode": "managed",
      "type": "tailor_pipeline_resolver",
      "name": "add_user",
      "provider": "provider[\"registry.terraform.io/tailor-platform/tailor\"]",
      "instances": [
        {
          "schema_version": 0,
          "attributes": {
            "authorization": {
              "expr": null,
              "insecure": true
            },
            "description": "Add a new user",
            "id": "trn:v1:workspace:0e47b2e9-d1b5-456c-95fc-991b47120467:pipeline:ims:resolver:addUser",
            "name": "addUser",
            "namespace": "ims",
            "post_hook": null,
            "post_script": null,
            "pre_hook": null,
            "pre_script": null,
            "publish_execution_events": null,
            "sdl": "input addUserInput {\n  name: String!\n  email: String!\n}\ntype addUserResponse {\n  id: ID!\n  name: String!\n}\nextend type Mutation {\n  addUser(input: addUserInput!): addUserResponse\n}\n",
            "steps": [
              {
                "context_data": null,
                "description": null,
                "loop_with": null,
                "name": "createUserInfo",
                "operation": {
                  "function": null,
                  "tailor_graphql": {
                    "app_name": null,
                    "invoker": {
                      "event_user": true,
                      "machine_user": null
                    },
                    "query": "          mutation($name: String!, $email: String!) {\n          createUser(input: {\n            name: $name,\n            email: $email\n          }) {\n               id\n               name\n            }\n          }\n",
                    "variables": null
                  }
                },
                "post_hook": null,
                "post_script": "      args.createUser\n",
                "post_validation": null,
                "pre_hook": null,
                "pre_script": "    ({\n      \"name\": context.args.input.name,\n      \"email\": context.args.input.email\n    })\n",
                "pre_validation": null,
                "run_if": null,
                "skip_on_operation_error": null
              }
            ],
            "workspace_id": "0e47b2e9-d1b5-456c-95fc-991b47120467"
          },
          "sensitive_attributes": [],
          "identity_schema_version": 0,
          "dependencies": [
            "tailor_pipeline.ims",
            "tailor_workspace.ims"
          ]
        }
      ]
    },
    {
      "mode": "managed",
      "type": "tailor_pipeline_resolver",
      "name": "pipeline_create_category_for_product",
      "provider": "provider[\"registry.terraform.io/tailor-platform/tailor\"]",
      "instances": [
        {
          "schema_version": 0,
          "attributes": {
            "authorization": {
              "expr": null,
              "insecure": true
            },
            "description": "This API is an alternative to createCategory. It creates a Category record and then creates Product record. Use this API if you want to create a Category record and Product record in one API call.",
            "id": "trn:v1:workspace:0e47b2e9-d1b5-456c-95fc-991b47120467:pipeline:ims:resolver:createCategoryForProduct",
            "name": "createCategoryForProduct",
            "namespace": "ims",
            "post_hook": null,
            "post_script": null,
            "pre_hook": null,
            "pre_script": null,
            "publish_execution_events": true,
            "sdl": "    input addCategoryAndProductInput {\n      name: String!\n      productTitle: String!\n      productDescription: String!\n    }\n    type addCategoryAndProductResponse {\n      id: ID!\n    }\n\n    extend type Mutation {\n      createCategoryForProduct(input: addCategoryAndProductInput!): addCategoryAndProductResponse!\n    }\n",
            "steps": [
              {
                "context_data": null,
                "description": null,
                "loop_with": null,
                "name": "createCategory",
                "operation": {
                  "function": null,
                  "tailor_graphql": {
                    "app_name": null,
                    "invoker": {
                      "event_user": true,
                      "machine_user": null
                    },
                    "query": "            mutation createCategory ($categoryName: String!) {\n              createCategory (input: { name: $categoryName }) {\n                id\n              }\n\t\t    }\n",
                    "variables": null
                  }
                },
                "post_hook": null,
                "post_script": "        args.createCategory\n",
                "post_validation": null,
                "pre_hook": null,
                "pre_script": "        ({\n            \"categoryName\": context.args.input.name,\n            \"productTitle\": context.args.input.productTitle,\n            \"productDescription\": context.args.input.productDescription\n        })\n",
                "pre_validation": null,
                "run_if": null,
                "skip_on_operation_error": null
              },
              {
                "context_data": null,
                "description": "Create a new Product record with the Category id created in the previous step.",
                "loop_with": null,
                "name": "createProduct",
                "operation": {
                  "function": null,
                  "tailor_graphql": {
                    "app_name": null,
                    "invoker": {
                      "event_user": true,
                      "machine_user": null
                    },
                    "query": "            mutation createProduct ($categoryID: ID!, $title: String!, $description: String!) {\n              createProduct (input: {categoryID: $categoryID, title: $title, description: $description}) {\n                id\n              } \n            }\n",
                    "variables": null
                  }
                },
                "post_hook": null,
                "post_script": "args.createProduct",
                "post_validation": null,
                "pre_hook": null,
                "pre_script": "        ({\n          \"categoryID\": context.pipeline.createCategory.id,\n          \"title\":  context.args.input.productTitle,\n          \"description\":  context.args.input.productDescription,  \n        })\n",
                "pre_validation": null,
                "run_if": null,
                "skip_on_operation_error": null
              }
            ],
            "workspace_id": "0e47b2e9-d1b5-456c-95fc-991b47120467"
          },
          "sensitive_attributes": [],
          "identity_schema_version": 0,
          "dependencies": [
            "tailor_pipeline.ims",
            "tailor_workspace.ims"
          ]
        }
      ]
    },
    {
      "mode": "managed",
      "type": "tailor_pipeline_resolver",
      "name": "pipeline_get_pokemon_function",
      "provider": "provider[\"registry.terraform.io/tailor-platform/tailor\"]",
      "instances": [
        {
          "schema_version": 0,
          "attributes": {
            "authorization": {
              "expr": null,
              "insecure": true
            },
            "description": "sample query resolver",
            "id": "trn:v1:workspace:0e47b2e9-d1b5-456c-95fc-991b47120467:pipeline:ims:resolver:getPokemon",
            "name": "getPokemon",
            "namespace": "ims",
            "post_hook": null,
            "post_script": null,
            "pre_hook": null,
            "pre_script": null,
            "publish_execution_events": null,
            "sdl": "input functionGetPokemonInput {\n    pokemon: String!\n}\ntype functionGetPokemonResponse {\n    species: String,\n    userId: String,\n}\n\nextend type Query {\n    getPokemon(input: functionGetPokemonInput!): functionGetPokemonResponse\n}\n",
            "steps": [
              {
                "context_data": null,
                "description": null,
                "loop_with": null,
                "name": "getPokemon",
                "operation": {
                  "function": {
                    "invoker": null,
                    "name": "getPokemon",
                    "script": "(()=\u003e{var C=class e extends Error{response;request;constructor(t,n){let r=`${e.extractMessage(t)}: ${JSON.stringify({response:t,request:n})}`;super(r),Object.setPrototypeOf(this,e.prototype),this.response=t,this.request=n,typeof Error.captureStackTrace==\"function\"\u0026\u0026Error.captureStackTrace(this,e)}static extractMessage(t){return t.errors?.[0]?.message??`GraphQL Error (Code: ${String(t.status)})`}};var ce=e=\u003ee.toUpperCase(),$=e=\u003etypeof e==\"function\"?e():e,ue=(e,t)=\u003ee.map((n,r)=\u003e[n,t[r]]),D=e=\u003e{let t={};return e instanceof Headers?t=tt(e):Array.isArray(e)?e.forEach(([n,r])=\u003e{n\u0026\u0026r!==void 0\u0026\u0026(t[n]=r)}):e\u0026\u0026(t=e),t},tt=e=\u003e{let t={};return e.forEach((n,r)=\u003e{t[r]=n}),t},De=e=\u003e{try{let t=e();return nt(t)?t.catch(n=\u003eSe(n)):t}catch(t){return Se(t)}},Se=e=\u003ee instanceof Error?e:new Error(String(e)),nt=e=\u003etypeof e==\"object\"\u0026\u0026e!==null\u0026\u0026\"then\"in e\u0026\u0026typeof e.then==\"function\"\u0026\u0026\"catch\"in e\u0026\u0026typeof e.catch==\"function\"\u0026\u0026\"finally\"in e\u0026\u0026typeof e.finally==\"function\",Y=e=\u003e{throw new Error(`Unhandled case: ${String(e)}`)},U=e=\u003etypeof e==\"object\"\u0026\u0026e!==null\u0026\u0026!Array.isArray(e);var _e=(e,t)=\u003ee.documents?e:{documents:e,requestHeaders:t,signal:void 0};var Re=(e,t,n)=\u003ee.query?e:{query:e,variables:t,requestHeaders:n,signal:void 0};function L(e,t){if(!!!e)throw new Error(t)}function be(e){return typeof e==\"object\"\u0026\u0026e!==null}function Ce(e,t){if(!!!e)throw new Error(t??\"Unexpected invariant triggered.\")}var it=/\\r\\n|[\\n\\r]/g;function k(e,t){let n=0,r=1;for(let i of e.body.matchAll(it)){if(typeof i.index==\"number\"||Ce(!1),i.index\u003e=t)break;n=i.index+i[0].length,r+=1}return{line:r,column:t+1-n}}function le(e){return H(e.source,k(e.source,e.start))}function H(e,t){let n=e.locationOffset.column-1,r=\"\".padStart(n)+e.body,i=t.line-1,s=e.locationOffset.line-1,a=t.line+s,p=t.line===1?n:0,d=t.column+p,l=`${e.name}:${a}:${d}\n`,h=r.split(/\\r\\n|[\\n\\r]/g),E=h[i];if(E.length\u003e120){let f=Math.floor(d/80),g=d%80,T=[];for(let x=0;x\u003cE.length;x+=80)T.push(E.slice(x,x+80));return l+Le([[`${a} |`,T[0]],...T.slice(1,f+1).map(x=\u003e[\"|\",x]),[\"|\",\"^\".padStart(g)],[\"|\",T[f+1]]])}return l+Le([[`${a-1} |`,h[i-1]],[`${a} |`,E],[\"|\",\"^\".padStart(d)],[`${a+1} |`,h[i+1]]])}function Le(e){let t=e.filter(([r,i])=\u003ei!==void 0),n=Math.max(...t.map(([r])=\u003er.length));return t.map(([r,i])=\u003er.padStart(n)+(i?\" \"+i:\"\")).join(`\n`)}function rt(e){let t=e[0];return t==null||\"kind\"in t||\"length\"in t?{nodes:t,source:e[1],positions:e[2],path:e[3],originalError:e[4],extensions:e[5]}:t}var z=class e extends Error{constructor(t,...n){var r,i,s;let{nodes:a,source:p,positions:d,path:l,originalError:h,extensions:E}=rt(n);super(t),this.name=\"GraphQLError\",this.path=l??void 0,this.originalError=h??void 0,this.nodes=ke(Array.isArray(a)?a:a?[a]:void 0);let f=ke((r=this.nodes)===null||r===void 0?void 0:r.map(T=\u003eT.loc).filter(T=\u003eT!=null));this.source=p??(f==null||(i=f[0])===null||i===void 0?void 0:i.source),this.positions=d??f?.map(T=\u003eT.start),this.locations=d\u0026\u0026p?d.map(T=\u003ek(p,T)):f?.map(T=\u003ek(T.source,T.start));let g=be(h?.extensions)?h?.extensions:void 0;this.extensions=(s=E??g)!==null\u0026\u0026s!==void 0?s:Object.create(null),Object.defineProperties(this,{message:{writable:!0,enumerable:!0},name:{enumerable:!1},nodes:{enumerable:!1},source:{enumerable:!1},positions:{enumerable:!1},originalError:{enumerable:!1}}),h!=null\u0026\u0026h.stack?Object.defineProperty(this,\"stack\",{value:h.stack,writable:!0,configurable:!0}):Error.captureStackTrace?Error.captureStackTrace(this,e):Object.defineProperty(this,\"stack\",{value:Error().stack,writable:!0,configurable:!0})}get[Symbol.toStringTag](){return\"GraphQLError\"}toString(){let t=this.message;if(this.nodes)for(let n of this.nodes)n.loc\u0026\u0026(t+=`\n\n`+le(n.loc));else if(this.source\u0026\u0026this.locations)for(let n of this.locations)t+=`\n\n`+H(this.source,n);return t}toJSON(){let t={message:this.message};return this.locations!=null\u0026\u0026(t.locations=this.locations),this.path!=null\u0026\u0026(t.path=this.path),this.extensions!=null\u0026\u0026Object.keys(this.extensions).length\u003e0\u0026\u0026(t.extensions=this.extensions),t}};function ke(e){return e===void 0||e.length===0?void 0:e}function y(e,t,n){return new z(`Syntax Error: ${n}`,{source:e,positions:[t]})}var w=class{constructor(t,n,r){this.start=t.start,this.end=n.end,this.startToken=t,this.endToken=n,this.source=r}get[Symbol.toStringTag](){return\"Location\"}toJSON(){return{start:this.start,end:this.end}}},R=class{constructor(t,n,r,i,s,a){this.kind=t,this.start=n,this.end=r,this.line=i,this.column=s,this.value=a,this.prev=null,this.next=null}get[Symbol.toStringTag](){return\"Token\"}toJSON(){return{kind:this.kind,value:this.value,line:this.line,column:this.column}}},pe={Name:[],Document:[\"definitions\"],OperationDefinition:[\"name\",\"variableDefinitions\",\"directives\",\"selectionSet\"],VariableDefinition:[\"variable\",\"type\",\"defaultValue\",\"directives\"],Variable:[\"name\"],SelectionSet:[\"selections\"],Field:[\"alias\",\"name\",\"arguments\",\"directives\",\"selectionSet\"],Argument:[\"name\",\"value\"],FragmentSpread:[\"name\",\"directives\"],InlineFragment:[\"typeCondition\",\"directives\",\"selectionSet\"],FragmentDefinition:[\"name\",\"variableDefinitions\",\"typeCondition\",\"directives\",\"selectionSet\"],IntValue:[],FloatValue:[],StringValue:[],BooleanValue:[],NullValue:[],EnumValue:[],ListValue:[\"values\"],ObjectValue:[\"fields\"],ObjectField:[\"name\",\"value\"],Directive:[\"name\",\"arguments\"],NamedType:[\"name\"],ListType:[\"type\"],NonNullType:[\"type\"],SchemaDefinition:[\"description\",\"directives\",\"operationTypes\"],OperationTypeDefinition:[\"type\"],ScalarTypeDefinition:[\"description\",\"name\",\"directives\"],ObjectTypeDefinition:[\"description\",\"name\",\"interfaces\",\"directives\",\"fields\"],FieldDefinition:[\"description\",\"name\",\"arguments\",\"type\",\"directives\"],InputValueDefinition:[\"description\",\"name\",\"type\",\"defaultValue\",\"directives\"],InterfaceTypeDefinition:[\"description\",\"name\",\"interfaces\",\"directives\",\"fields\"],UnionTypeDefinition:[\"description\",\"name\",\"directives\",\"types\"],EnumTypeDefinition:[\"description\",\"name\",\"directives\",\"values\"],EnumValueDefinition:[\"description\",\"name\",\"directives\"],InputObjectTypeDefinition:[\"description\",\"name\",\"directives\",\"fields\"],DirectiveDefinition:[\"description\",\"name\",\"arguments\",\"locations\"],SchemaExtension:[\"directives\",\"operationTypes\"],ScalarTypeExtension:[\"name\",\"directives\"],ObjectTypeExtension:[\"name\",\"interfaces\",\"directives\",\"fields\"],InterfaceTypeExtension:[\"name\",\"interfaces\",\"directives\",\"fields\"],UnionTypeExtension:[\"name\",\"directives\",\"types\"],EnumTypeExtension:[\"name\",\"directives\",\"values\"],InputObjectTypeExtension:[\"name\",\"directives\",\"fields\"]},st=new Set(Object.keys(pe));function de(e){let t=e?.kind;return typeof t==\"string\"\u0026\u0026st.has(t)}var I;(function(e){e.QUERY=\"query\",e.MUTATION=\"mutation\",e.SUBSCRIPTION=\"subscription\"})(I||(I={}));var M;(function(e){e.QUERY=\"QUERY\",e.MUTATION=\"MUTATION\",e.SUBSCRIPTION=\"SUBSCRIPTION\",e.FIELD=\"FIELD\",e.FRAGMENT_DEFINITION=\"FRAGMENT_DEFINITION\",e.FRAGMENT_SPREAD=\"FRAGMENT_SPREAD\",e.INLINE_FRAGMENT=\"INLINE_FRAGMENT\",e.VARIABLE_DEFINITION=\"VARIABLE_DEFINITION\",e.SCHEMA=\"SCHEMA\",e.SCALAR=\"SCALAR\",e.OBJECT=\"OBJECT\",e.FIELD_DEFINITION=\"FIELD_DEFINITION\",e.ARGUMENT_DEFINITION=\"ARGUMENT_DEFINITION\",e.INTERFACE=\"INTERFACE\",e.UNION=\"UNION\",e.ENUM=\"ENUM\",e.ENUM_VALUE=\"ENUM_VALUE\",e.INPUT_OBJECT=\"INPUT_OBJECT\",e.INPUT_FIELD_DEFINITION=\"INPUT_FIELD_DEFINITION\"})(M||(M={}));var u;(function(e){e.NAME=\"Name\",e.DOCUMENT=\"Document\",e.OPERATION_DEFINITION=\"OperationDefinition\",e.VARIABLE_DEFINITION=\"VariableDefinition\",e.SELECTION_SET=\"SelectionSet\",e.FIELD=\"Field\",e.ARGUMENT=\"Argument\",e.FRAGMENT_SPREAD=\"FragmentSpread\",e.INLINE_FRAGMENT=\"InlineFragment\",e.FRAGMENT_DEFINITION=\"FragmentDefinition\",e.VARIABLE=\"Variable\",e.INT=\"IntValue\",e.FLOAT=\"FloatValue\",e.STRING=\"StringValue\",e.BOOLEAN=\"BooleanValue\",e.NULL=\"NullValue\",e.ENUM=\"EnumValue\",e.LIST=\"ListValue\",e.OBJECT=\"ObjectValue\",e.OBJECT_FIELD=\"ObjectField\",e.DIRECTIVE=\"Directive\",e.NAMED_TYPE=\"NamedType\",e.LIST_TYPE=\"ListType\",e.NON_NULL_TYPE=\"NonNullType\",e.SCHEMA_DEFINITION=\"SchemaDefinition\",e.OPERATION_TYPE_DEFINITION=\"OperationTypeDefinition\",e.SCALAR_TYPE_DEFINITION=\"ScalarTypeDefinition\",e.OBJECT_TYPE_DEFINITION=\"ObjectTypeDefinition\",e.FIELD_DEFINITION=\"FieldDefinition\",e.INPUT_VALUE_DEFINITION=\"InputValueDefinition\",e.INTERFACE_TYPE_DEFINITION=\"InterfaceTypeDefinition\",e.UNION_TYPE_DEFINITION=\"UnionTypeDefinition\",e.ENUM_TYPE_DEFINITION=\"EnumTypeDefinition\",e.ENUM_VALUE_DEFINITION=\"EnumValueDefinition\",e.INPUT_OBJECT_TYPE_DEFINITION=\"InputObjectTypeDefinition\",e.DIRECTIVE_DEFINITION=\"DirectiveDefinition\",e.SCHEMA_EXTENSION=\"SchemaExtension\",e.SCALAR_TYPE_EXTENSION=\"ScalarTypeExtension\",e.OBJECT_TYPE_EXTENSION=\"ObjectTypeExtension\",e.INTERFACE_TYPE_EXTENSION=\"InterfaceTypeExtension\",e.UNION_TYPE_EXTENSION=\"UnionTypeExtension\",e.ENUM_TYPE_EXTENSION=\"EnumTypeExtension\",e.INPUT_OBJECT_TYPE_EXTENSION=\"InputObjectTypeExtension\"})(u||(u={}));function J(e){return e===9||e===32}function F(e){return e\u003e=48\u0026\u0026e\u003c=57}function we(e){return e\u003e=97\u0026\u0026e\u003c=122||e\u003e=65\u0026\u0026e\u003c=90}function he(e){return we(e)||e===95}function Fe(e){return we(e)||F(e)||e===95}function Pe(e){var t;let n=Number.MAX_SAFE_INTEGER,r=null,i=-1;for(let a=0;a\u003ce.length;++a){var s;let p=e[a],d=ot(p);d!==p.length\u0026\u0026(r=(s=r)!==null\u0026\u0026s!==void 0?s:a,i=a,a!==0\u0026\u0026d\u003cn\u0026\u0026(n=d))}return e.map((a,p)=\u003ep===0?a:a.slice(n)).slice((t=r)!==null\u0026\u0026t!==void 0?t:0,i+1)}function ot(e){let t=0;for(;t\u003ce.length\u0026\u0026J(e.charCodeAt(t));)++t;return t}function qe(e,t){let n=e.replace(/\"\"\"/g,'\\\\\"\"\"'),r=n.split(/\\r\\n|[\\n\\r]/g),i=r.length===1,s=r.length\u003e1\u0026\u0026r.slice(1).every(g=\u003eg.length===0||J(g.charCodeAt(0))),a=n.endsWith('\\\\\"\"\"'),p=e.endsWith('\"')\u0026\u0026!a,d=e.endsWith(\"\\\\\"),l=p||d,h=!(t!=null\u0026\u0026t.minimize)\u0026\u0026(!i||e.length\u003e70||l||s||a),E=\"\",f=i\u0026\u0026J(e.charCodeAt(0));return(h\u0026\u0026!f||s)\u0026\u0026(E+=`\n`),E+=n,(h||l)\u0026\u0026(E+=`\n`),'\"\"\"'+E+'\"\"\"'}var o;(function(e){e.SOF=\"\u003cSOF\u003e\",e.EOF=\"\u003cEOF\u003e\",e.BANG=\"!\",e.DOLLAR=\"$\",e.AMP=\"\u0026\",e.PAREN_L=\"(\",e.PAREN_R=\")\",e.SPREAD=\"...\",e.COLON=\":\",e.EQUALS=\"=\",e.AT=\"@\",e.BRACKET_L=\"[\",e.BRACKET_R=\"]\",e.BRACE_L=\"{\",e.PIPE=\"|\",e.BRACE_R=\"}\",e.NAME=\"Name\",e.INT=\"Int\",e.FLOAT=\"Float\",e.STRING=\"String\",e.BLOCK_STRING=\"BlockString\",e.COMMENT=\"Comment\"})(o||(o={}));var j=class{constructor(t){let n=new R(o.SOF,0,0,0,0);this.source=t,this.lastToken=n,this.token=n,this.line=1,this.lineStart=0}get[Symbol.toStringTag](){return\"Lexer\"}advance(){return this.lastToken=this.token,this.token=this.lookahead()}lookahead(){let t=this.token;if(t.kind!==o.EOF)do if(t.next)t=t.next;else{let n=at(this,t.end);t.next=n,n.prev=t,t=n}while(t.kind===o.COMMENT);return t}};function Ue(e){return e===o.BANG||e===o.DOLLAR||e===o.AMP||e===o.PAREN_L||e===o.PAREN_R||e===o.SPREAD||e===o.COLON||e===o.EQUALS||e===o.AT||e===o.BRACKET_L||e===o.BRACKET_R||e===o.BRACE_L||e===o.PIPE||e===o.BRACE_R}function P(e){return e\u003e=0\u0026\u0026e\u003c=55295||e\u003e=57344\u0026\u0026e\u003c=1114111}function X(e,t){return Me(e.charCodeAt(t))\u0026\u0026Be(e.charCodeAt(t+1))}function Me(e){return e\u003e=55296\u0026\u0026e\u003c=56319}function Be(e){return e\u003e=56320\u0026\u0026e\u003c=57343}function b(e,t){let n=e.source.body.codePointAt(t);if(n===void 0)return o.EOF;if(n\u003e=32\u0026\u0026n\u003c=126){let r=String.fromCodePoint(n);return r==='\"'?`'\"'`:`\"${r}\"`}return\"U+\"+n.toString(16).toUpperCase().padStart(4,\"0\")}function N(e,t,n,r,i){let s=e.line,a=1+n-e.lineStart;return new R(t,n,r,s,a,i)}function at(e,t){let n=e.source.body,r=n.length,i=t;for(;i\u003cr;){let s=n.charCodeAt(i);switch(s){case 65279:case 9:case 32:case 44:++i;continue;case 10:++i,++e.line,e.lineStart=i;continue;case 13:n.charCodeAt(i+1)===10?i+=2:++i,++e.line,e.lineStart=i;continue;case 35:return ct(e,i);case 33:return N(e,o.BANG,i,i+1);case 36:return N(e,o.DOLLAR,i,i+1);case 38:return N(e,o.AMP,i,i+1);case 40:return N(e,o.PAREN_L,i,i+1);case 41:return N(e,o.PAREN_R,i,i+1);case 46:if(n.charCodeAt(i+1)===46\u0026\u0026n.charCodeAt(i+2)===46)return N(e,o.SPREAD,i,i+3);break;case 58:return N(e,o.COLON,i,i+1);case 61:return N(e,o.EQUALS,i,i+1);case 64:return N(e,o.AT,i,i+1);case 91:return N(e,o.BRACKET_L,i,i+1);case 93:return N(e,o.BRACKET_R,i,i+1);case 123:return N(e,o.BRACE_L,i,i+1);case 124:return N(e,o.PIPE,i,i+1);case 125:return N(e,o.BRACE_R,i,i+1);case 34:return n.charCodeAt(i+1)===34\u0026\u0026n.charCodeAt(i+2)===34?ft(e,i):lt(e,i)}if(F(s)||s===45)return ut(e,i,s);if(he(s))return mt(e,i);throw y(e.source,i,s===39?`Unexpected single quote character ('), did you mean to use a double quote (\")?`:P(s)||X(n,i)?`Unexpected character: ${b(e,i)}.`:`Invalid character: ${b(e,i)}.`)}return N(e,o.EOF,r,r)}function ct(e,t){let n=e.source.body,r=n.length,i=t+1;for(;i\u003cr;){let s=n.charCodeAt(i);if(s===10||s===13)break;if(P(s))++i;else if(X(n,i))i+=2;else break}return N(e,o.COMMENT,t,i,n.slice(t+1,i))}function ut(e,t,n){let r=e.source.body,i=t,s=n,a=!1;if(s===45\u0026\u0026(s=r.charCodeAt(++i)),s===48){if(s=r.charCodeAt(++i),F(s))throw y(e.source,i,`Invalid number, unexpected digit after 0: ${b(e,i)}.`)}else i=fe(e,i,s),s=r.charCodeAt(i);if(s===46\u0026\u0026(a=!0,s=r.charCodeAt(++i),i=fe(e,i,s),s=r.charCodeAt(i)),(s===69||s===101)\u0026\u0026(a=!0,s=r.charCodeAt(++i),(s===43||s===45)\u0026\u0026(s=r.charCodeAt(++i)),i=fe(e,i,s),s=r.charCodeAt(i)),s===46||he(s))throw y(e.source,i,`Invalid number, expected digit but got: ${b(e,i)}.`);return N(e,a?o.FLOAT:o.INT,t,i,r.slice(t,i))}function fe(e,t,n){if(!F(n))throw y(e.source,t,`Invalid number, expected digit but got: ${b(e,t)}.`);let r=e.source.body,i=t+1;for(;F(r.charCodeAt(i));)++i;return i}function lt(e,t){let n=e.source.body,r=n.length,i=t+1,s=i,a=\"\";for(;i\u003cr;){let p=n.charCodeAt(i);if(p===34)return a+=n.slice(s,i),N(e,o.STRING,t,i+1,a);if(p===92){a+=n.slice(s,i);let d=n.charCodeAt(i+1)===117?n.charCodeAt(i+2)===123?pt(e,i):dt(e,i):ht(e,i);a+=d.value,i+=d.size,s=i;continue}if(p===10||p===13)break;if(P(p))++i;else if(X(n,i))i+=2;else throw y(e.source,i,`Invalid character within String: ${b(e,i)}.`)}throw y(e.source,i,\"Unterminated string.\")}function pt(e,t){let n=e.source.body,r=0,i=3;for(;i\u003c12;){let s=n.charCodeAt(t+i++);if(s===125){if(i\u003c5||!P(r))break;return{value:String.fromCodePoint(r),size:i}}if(r=r\u003c\u003c4|B(s),r\u003c0)break}throw y(e.source,t,`Invalid Unicode escape sequence: \"${n.slice(t,t+i)}\".`)}function dt(e,t){let n=e.source.body,r=Ve(n,t+2);if(P(r))return{value:String.fromCodePoint(r),size:6};if(Me(r)\u0026\u0026n.charCodeAt(t+6)===92\u0026\u0026n.charCodeAt(t+7)===117){let i=Ve(n,t+8);if(Be(i))return{value:String.fromCodePoint(r,i),size:12}}throw y(e.source,t,`Invalid Unicode escape sequence: \"${n.slice(t,t+6)}\".`)}function Ve(e,t){return B(e.charCodeAt(t))\u003c\u003c12|B(e.charCodeAt(t+1))\u003c\u003c8|B(e.charCodeAt(t+2))\u003c\u003c4|B(e.charCodeAt(t+3))}function B(e){return e\u003e=48\u0026\u0026e\u003c=57?e-48:e\u003e=65\u0026\u0026e\u003c=70?e-55:e\u003e=97\u0026\u0026e\u003c=102?e-87:-1}function ht(e,t){let n=e.source.body;switch(n.charCodeAt(t+1)){case 34:return{value:'\"',size:2};case 92:return{value:\"\\\\\",size:2};case 47:return{value:\"/\",size:2};case 98:return{value:\"\\b\",size:2};case 102:return{value:\"\\f\",size:2};case 110:return{value:`\n`,size:2};case 114:return{value:\"\\r\",size:2};case 116:return{value:\"\t\",size:2}}throw y(e.source,t,`Invalid character escape sequence: \"${n.slice(t,t+2)}\".`)}function ft(e,t){let n=e.source.body,r=n.length,i=e.lineStart,s=t+3,a=s,p=\"\",d=[];for(;s\u003cr;){let l=n.charCodeAt(s);if(l===34\u0026\u0026n.charCodeAt(s+1)===34\u0026\u0026n.charCodeAt(s+2)===34){p+=n.slice(a,s),d.push(p);let h=N(e,o.BLOCK_STRING,t,s+3,Pe(d).join(`\n`));return e.line+=d.length-1,e.lineStart=i,h}if(l===92\u0026\u0026n.charCodeAt(s+1)===34\u0026\u0026n.charCodeAt(s+2)===34\u0026\u0026n.charCodeAt(s+3)===34){p+=n.slice(a,s),a=s+1,s+=4;continue}if(l===10||l===13){p+=n.slice(a,s),d.push(p),l===13\u0026\u0026n.charCodeAt(s+1)===10?s+=2:++s,p=\"\",a=s,i=s;continue}if(P(l))++s;else if(X(n,s))s+=2;else throw y(e.source,s,`Invalid character within String: ${b(e,s)}.`)}throw y(e.source,s,\"Unterminated string.\")}function mt(e,t){let n=e.source.body,r=n.length,i=t+1;for(;i\u003cr;){let s=n.charCodeAt(i);if(Fe(s))++i;else break}return N(e,o.NAME,t,i,n.slice(t,i))}function q(e){return K(e,[])}function K(e,t){switch(typeof e){case\"string\":return JSON.stringify(e);case\"function\":return e.name?`[function ${e.name}]`:\"[function]\";case\"object\":return Et(e,t);default:return String(e)}}function Et(e,t){if(e===null)return\"null\";if(t.includes(e))return\"[Circular]\";let n=[...t,e];if(Tt(e)){let r=e.toJSON();if(r!==e)return typeof r==\"string\"?r:K(r,n)}else if(Array.isArray(e))return yt(e,n);return xt(e,n)}function Tt(e){return typeof e.toJSON==\"function\"}function xt(e,t){let n=Object.entries(e);return n.length===0?\"{}\":t.length\u003e2?\"[\"+Nt(e)+\"]\":\"{ \"+n.map(([i,s])=\u003ei+\": \"+K(s,t)).join(\", \")+\" }\"}function yt(e,t){if(e.length===0)return\"[]\";if(t.length\u003e2)return\"[Array]\";let n=Math.min(10,e.length),r=e.length-n,i=[];for(let s=0;s\u003cn;++s)i.push(K(e[s],t));return r===1?i.push(\"... 1 more item\"):r\u003e1\u0026\u0026i.push(`... ${r} more items`),\"[\"+i.join(\", \")+\"]\"}function Nt(e){let t=Object.prototype.toString.call(e).replace(/^\\[object /,\"\").replace(/]$/,\"\");if(t===\"Object\"\u0026\u0026typeof e.constructor==\"function\"){let n=e.constructor.name;if(typeof n==\"string\"\u0026\u0026n!==\"\")return n}return t}var gt=globalThis.process\u0026\u0026!0,je=gt?function(t,n){return t instanceof n}:function(t,n){if(t instanceof n)return!0;if(typeof t==\"object\"\u0026\u0026t!==null){var r;let i=n.prototype[Symbol.toStringTag],s=Symbol.toStringTag in t?t[Symbol.toStringTag]:(r=t.constructor)===null||r===void 0?void 0:r.name;if(i===s){let a=q(t);throw new Error(`Cannot use ${i} \"${a}\" from another module or realm.\n\nEnsure that there is only one instance of \"graphql\" in the node_modules\ndirectory. If different versions of \"graphql\" are the dependencies of other\nrelied on modules, use \"resolutions\" to ensure only one version is installed.\n\nhttps://yarnpkg.com/en/docs/selective-version-resolutions\n\nDuplicate \"graphql\" modules cannot be used at the same time since different\nversions may have different capabilities and behavior. The data from one\nversion used in the function from another could produce confusing and\nspurious results.`)}}return!1};var V=class{constructor(t,n=\"GraphQL request\",r={line:1,column:1}){typeof t==\"string\"||L(!1,`Body must be a string. Received: ${q(t)}.`),this.body=t,this.name=n,this.locationOffset=r,this.locationOffset.line\u003e0||L(!1,\"line in locationOffset is 1-indexed and must be positive.\"),this.locationOffset.column\u003e0||L(!1,\"column in locationOffset is 1-indexed and must be positive.\")}get[Symbol.toStringTag](){return\"Source\"}};function Ge(e){return je(e,V)}function Z(e,t){let n=new me(e,t),r=n.parseDocument();return Object.defineProperty(r,\"tokenCount\",{enumerable:!1,value:n.tokenCount}),r}var me=class{constructor(t,n={}){let r=Ge(t)?t:new V(t);this._lexer=new j(r),this._options=n,this._tokenCounter=0}get tokenCount(){return this._tokenCounter}parseName(){let t=this.expectToken(o.NAME);return this.node(t,{kind:u.NAME,value:t.value})}parseDocument(){return this.node(this._lexer.token,{kind:u.DOCUMENT,definitions:this.many(o.SOF,this.parseDefinition,o.EOF)})}parseDefinition(){if(this.peek(o.BRACE_L))return this.parseOperationDefinition();let t=this.peekDescription(),n=t?this._lexer.lookahead():this._lexer.token;if(n.kind===o.NAME){switch(n.value){case\"schema\":return this.parseSchemaDefinition();case\"scalar\":return this.parseScalarTypeDefinition();case\"type\":return this.parseObjectTypeDefinition();case\"interface\":return this.parseInterfaceTypeDefinition();case\"union\":return this.parseUnionTypeDefinition();case\"enum\":return this.parseEnumTypeDefinition();case\"input\":return this.parseInputObjectTypeDefinition();case\"directive\":return this.parseDirectiveDefinition()}if(t)throw y(this._lexer.source,this._lexer.token.start,\"Unexpected description, descriptions are supported only on type definitions.\");switch(n.value){case\"query\":case\"mutation\":case\"subscription\":return this.parseOperationDefinition();case\"fragment\":return this.parseFragmentDefinition();case\"extend\":return this.parseTypeSystemExtension()}}throw this.unexpected(n)}parseOperationDefinition(){let t=this._lexer.token;if(this.peek(o.BRACE_L))return this.node(t,{kind:u.OPERATION_DEFINITION,operation:I.QUERY,name:void 0,variableDefinitions:[],directives:[],selectionSet:this.parseSelectionSet()});let n=this.parseOperationType(),r;return this.peek(o.NAME)\u0026\u0026(r=this.parseName()),this.node(t,{kind:u.OPERATION_DEFINITION,operation:n,name:r,variableDefinitions:this.parseVariableDefinitions(),directives:this.parseDirectives(!1),selectionSet:this.parseSelectionSet()})}parseOperationType(){let t=this.expectToken(o.NAME);switch(t.value){case\"query\":return I.QUERY;case\"mutation\":return I.MUTATION;case\"subscription\":return I.SUBSCRIPTION}throw this.unexpected(t)}parseVariableDefinitions(){return this.optionalMany(o.PAREN_L,this.parseVariableDefinition,o.PAREN_R)}parseVariableDefinition(){return this.node(this._lexer.token,{kind:u.VARIABLE_DEFINITION,variable:this.parseVariable(),type:(this.expectToken(o.COLON),this.parseTypeReference()),defaultValue:this.expectOptionalToken(o.EQUALS)?this.parseConstValueLiteral():void 0,directives:this.parseConstDirectives()})}parseVariable(){let t=this._lexer.token;return this.expectToken(o.DOLLAR),this.node(t,{kind:u.VARIABLE,name:this.parseName()})}parseSelectionSet(){return this.node(this._lexer.token,{kind:u.SELECTION_SET,selections:this.many(o.BRACE_L,this.parseSelection,o.BRACE_R)})}parseSelection(){return this.peek(o.SPREAD)?this.parseFragment():this.parseField()}parseField(){let t=this._lexer.token,n=this.parseName(),r,i;return this.expectOptionalToken(o.COLON)?(r=n,i=this.parseName()):i=n,this.node(t,{kind:u.FIELD,alias:r,name:i,arguments:this.parseArguments(!1),directives:this.parseDirectives(!1),selectionSet:this.peek(o.BRACE_L)?this.parseSelectionSet():void 0})}parseArguments(t){let n=t?this.parseConstArgument:this.parseArgument;return this.optionalMany(o.PAREN_L,n,o.PAREN_R)}parseArgument(t=!1){let n=this._lexer.token,r=this.parseName();return this.expectToken(o.COLON),this.node(n,{kind:u.ARGUMENT,name:r,value:this.parseValueLiteral(t)})}parseConstArgument(){return this.parseArgument(!0)}parseFragment(){let t=this._lexer.token;this.expectToken(o.SPREAD);let n=this.expectOptionalKeyword(\"on\");return!n\u0026\u0026this.peek(o.NAME)?this.node(t,{kind:u.FRAGMENT_SPREAD,name:this.parseFragmentName(),directives:this.parseDirectives(!1)}):this.node(t,{kind:u.INLINE_FRAGMENT,typeCondition:n?this.parseNamedType():void 0,directives:this.parseDirectives(!1),selectionSet:this.parseSelectionSet()})}parseFragmentDefinition(){let t=this._lexer.token;return this.expectKeyword(\"fragment\"),this._options.allowLegacyFragmentVariables===!0?this.node(t,{kind:u.FRAGMENT_DEFINITION,name:this.parseFragmentName(),variableDefinitions:this.parseVariableDefinitions(),typeCondition:(this.expectKeyword(\"on\"),this.parseNamedType()),directives:this.parseDirectives(!1),selectionSet:this.parseSelectionSet()}):this.node(t,{kind:u.FRAGMENT_DEFINITION,name:this.parseFragmentName(),typeCondition:(this.expectKeyword(\"on\"),this.parseNamedType()),directives:this.parseDirectives(!1),selectionSet:this.parseSelectionSet()})}parseFragmentName(){if(this._lexer.token.value===\"on\")throw this.unexpected();return this.parseName()}parseValueLiteral(t){let n=this._lexer.token;switch(n.kind){case o.BRACKET_L:return this.parseList(t);case o.BRACE_L:return this.parseObject(t);case o.INT:return this.advanceLexer(),this.node(n,{kind:u.INT,value:n.value});case o.FLOAT:return this.advanceLexer(),this.node(n,{kind:u.FLOAT,value:n.value});case o.STRING:case o.BLOCK_STRING:return this.parseStringLiteral();case o.NAME:switch(this.advanceLexer(),n.value){case\"true\":return this.node(n,{kind:u.BOOLEAN,value:!0});case\"false\":return this.node(n,{kind:u.BOOLEAN,value:!1});case\"null\":return this.node(n,{kind:u.NULL});default:return this.node(n,{kind:u.ENUM,value:n.value})}case o.DOLLAR:if(t)if(this.expectToken(o.DOLLAR),this._lexer.token.kind===o.NAME){let r=this._lexer.token.value;throw y(this._lexer.source,n.start,`Unexpected variable \"$${r}\" in constant value.`)}else throw this.unexpected(n);return this.parseVariable();default:throw this.unexpected()}}parseConstValueLiteral(){return this.parseValueLiteral(!0)}parseStringLiteral(){let t=this._lexer.token;return this.advanceLexer(),this.node(t,{kind:u.STRING,value:t.value,block:t.kind===o.BLOCK_STRING})}parseList(t){let n=()=\u003ethis.parseValueLiteral(t);return this.node(this._lexer.token,{kind:u.LIST,values:this.any(o.BRACKET_L,n,o.BRACKET_R)})}parseObject(t){let n=()=\u003ethis.parseObjectField(t);return this.node(this._lexer.token,{kind:u.OBJECT,fields:this.any(o.BRACE_L,n,o.BRACE_R)})}parseObjectField(t){let n=this._lexer.token,r=this.parseName();return this.expectToken(o.COLON),this.node(n,{kind:u.OBJECT_FIELD,name:r,value:this.parseValueLiteral(t)})}parseDirectives(t){let n=[];for(;this.peek(o.AT);)n.push(this.parseDirective(t));return n}parseConstDirectives(){return this.parseDirectives(!0)}parseDirective(t){let n=this._lexer.token;return this.expectToken(o.AT),this.node(n,{kind:u.DIRECTIVE,name:this.parseName(),arguments:this.parseArguments(t)})}parseTypeReference(){let t=this._lexer.token,n;if(this.expectOptionalToken(o.BRACKET_L)){let r=this.parseTypeReference();this.expectToken(o.BRACKET_R),n=this.node(t,{kind:u.LIST_TYPE,type:r})}else n=this.parseNamedType();return this.expectOptionalToken(o.BANG)?this.node(t,{kind:u.NON_NULL_TYPE,type:n}):n}parseNamedType(){return this.node(this._lexer.token,{kind:u.NAMED_TYPE,name:this.parseName()})}peekDescription(){return this.peek(o.STRING)||this.peek(o.BLOCK_STRING)}parseDescription(){if(this.peekDescription())return this.parseStringLiteral()}parseSchemaDefinition(){let t=this._lexer.token,n=this.parseDescription();this.expectKeyword(\"schema\");let r=this.parseConstDirectives(),i=this.many(o.BRACE_L,this.parseOperationTypeDefinition,o.BRACE_R);return this.node(t,{kind:u.SCHEMA_DEFINITION,description:n,directives:r,operationTypes:i})}parseOperationTypeDefinition(){let t=this._lexer.token,n=this.parseOperationType();this.expectToken(o.COLON);let r=this.parseNamedType();return this.node(t,{kind:u.OPERATION_TYPE_DEFINITION,operation:n,type:r})}parseScalarTypeDefinition(){let t=this._lexer.token,n=this.parseDescription();this.expectKeyword(\"scalar\");let r=this.parseName(),i=this.parseConstDirectives();return this.node(t,{kind:u.SCALAR_TYPE_DEFINITION,description:n,name:r,directives:i})}parseObjectTypeDefinition(){let t=this._lexer.token,n=this.parseDescription();this.expectKeyword(\"type\");let r=this.parseName(),i=this.parseImplementsInterfaces(),s=this.parseConstDirectives(),a=this.parseFieldsDefinition();return this.node(t,{kind:u.OBJECT_TYPE_DEFINITION,description:n,name:r,interfaces:i,directives:s,fields:a})}parseImplementsInterfaces(){return this.expectOptionalKeyword(\"implements\")?this.delimitedMany(o.AMP,this.parseNamedType):[]}parseFieldsDefinition(){return this.optionalMany(o.BRACE_L,this.parseFieldDefinition,o.BRACE_R)}parseFieldDefinition(){let t=this._lexer.token,n=this.parseDescription(),r=this.parseName(),i=this.parseArgumentDefs();this.expectToken(o.COLON);let s=this.parseTypeReference(),a=this.parseConstDirectives();return this.node(t,{kind:u.FIELD_DEFINITION,description:n,name:r,arguments:i,type:s,directives:a})}parseArgumentDefs(){return this.optionalMany(o.PAREN_L,this.parseInputValueDef,o.PAREN_R)}parseInputValueDef(){let t=this._lexer.token,n=this.parseDescription(),r=this.parseName();this.expectToken(o.COLON);let i=this.parseTypeReference(),s;this.expectOptionalToken(o.EQUALS)\u0026\u0026(s=this.parseConstValueLiteral());let a=this.parseConstDirectives();return this.node(t,{kind:u.INPUT_VALUE_DEFINITION,description:n,name:r,type:i,defaultValue:s,directives:a})}parseInterfaceTypeDefinition(){let t=this._lexer.token,n=this.parseDescription();this.expectKeyword(\"interface\");let r=this.parseName(),i=this.parseImplementsInterfaces(),s=this.parseConstDirectives(),a=this.parseFieldsDefinition();return this.node(t,{kind:u.INTERFACE_TYPE_DEFINITION,description:n,name:r,interfaces:i,directives:s,fields:a})}parseUnionTypeDefinition(){let t=this._lexer.token,n=this.parseDescription();this.expectKeyword(\"union\");let r=this.parseName(),i=this.parseConstDirectives(),s=this.parseUnionMemberTypes();return this.node(t,{kind:u.UNION_TYPE_DEFINITION,description:n,name:r,directives:i,types:s})}parseUnionMemberTypes(){return this.expectOptionalToken(o.EQUALS)?this.delimitedMany(o.PIPE,this.parseNamedType):[]}parseEnumTypeDefinition(){let t=this._lexer.token,n=this.parseDescription();this.expectKeyword(\"enum\");let r=this.parseName(),i=this.parseConstDirectives(),s=this.parseEnumValuesDefinition();return this.node(t,{kind:u.ENUM_TYPE_DEFINITION,description:n,name:r,directives:i,values:s})}parseEnumValuesDefinition(){return this.optionalMany(o.BRACE_L,this.parseEnumValueDefinition,o.BRACE_R)}parseEnumValueDefinition(){let t=this._lexer.token,n=this.parseDescription(),r=this.parseEnumValueName(),i=this.parseConstDirectives();return this.node(t,{kind:u.ENUM_VALUE_DEFINITION,description:n,name:r,directives:i})}parseEnumValueName(){if(this._lexer.token.value===\"true\"||this._lexer.token.value===\"false\"||this._lexer.token.value===\"null\")throw y(this._lexer.source,this._lexer.token.start,`${W(this._lexer.token)} is reserved and cannot be used for an enum value.`);return this.parseName()}parseInputObjectTypeDefinition(){let t=this._lexer.token,n=this.parseDescription();this.expectKeyword(\"input\");let r=this.parseName(),i=this.parseConstDirectives(),s=this.parseInputFieldsDefinition();return this.node(t,{kind:u.INPUT_OBJECT_TYPE_DEFINITION,description:n,name:r,directives:i,fields:s})}parseInputFieldsDefinition(){return this.optionalMany(o.BRACE_L,this.parseInputValueDef,o.BRACE_R)}parseTypeSystemExtension(){let t=this._lexer.lookahead();if(t.kind===o.NAME)switch(t.value){case\"schema\":return this.parseSchemaExtension();case\"scalar\":return this.parseScalarTypeExtension();case\"type\":return this.parseObjectTypeExtension();case\"interface\":return this.parseInterfaceTypeExtension();case\"union\":return this.parseUnionTypeExtension();case\"enum\":return this.parseEnumTypeExtension();case\"input\":return this.parseInputObjectTypeExtension()}throw this.unexpected(t)}parseSchemaExtension(){let t=this._lexer.token;this.expectKeyword(\"extend\"),this.expectKeyword(\"schema\");let n=this.parseConstDirectives(),r=this.optionalMany(o.BRACE_L,this.parseOperationTypeDefinition,o.BRACE_R);if(n.length===0\u0026\u0026r.length===0)throw this.unexpected();return this.node(t,{kind:u.SCHEMA_EXTENSION,directives:n,operationTypes:r})}parseScalarTypeExtension(){let t=this._lexer.token;this.expectKeyword(\"extend\"),this.expectKeyword(\"scalar\");let n=this.parseName(),r=this.parseConstDirectives();if(r.length===0)throw this.unexpected();return this.node(t,{kind:u.SCALAR_TYPE_EXTENSION,name:n,directives:r})}parseObjectTypeExtension(){let t=this._lexer.token;this.expectKeyword(\"extend\"),this.expectKeyword(\"type\");let n=this.parseName(),r=this.parseImplementsInterfaces(),i=this.parseConstDirectives(),s=this.parseFieldsDefinition();if(r.length===0\u0026\u0026i.length===0\u0026\u0026s.length===0)throw this.unexpected();return this.node(t,{kind:u.OBJECT_TYPE_EXTENSION,name:n,interfaces:r,directives:i,fields:s})}parseInterfaceTypeExtension(){let t=this._lexer.token;this.expectKeyword(\"extend\"),this.expectKeyword(\"interface\");let n=this.parseName(),r=this.parseImplementsInterfaces(),i=this.parseConstDirectives(),s=this.parseFieldsDefinition();if(r.length===0\u0026\u0026i.length===0\u0026\u0026s.length===0)throw this.unexpected();return this.node(t,{kind:u.INTERFACE_TYPE_EXTENSION,name:n,interfaces:r,directives:i,fields:s})}parseUnionTypeExtension(){let t=this._lexer.token;this.expectKeyword(\"extend\"),this.expectKeyword(\"union\");let n=this.parseName(),r=this.parseConstDirectives(),i=this.parseUnionMemberTypes();if(r.length===0\u0026\u0026i.length===0)throw this.unexpected();return this.node(t,{kind:u.UNION_TYPE_EXTENSION,name:n,directives:r,types:i})}parseEnumTypeExtension(){let t=this._lexer.token;this.expectKeyword(\"extend\"),this.expectKeyword(\"enum\");let n=this.parseName(),r=this.parseConstDirectives(),i=this.parseEnumValuesDefinition();if(r.length===0\u0026\u0026i.length===0)throw this.unexpected();return this.node(t,{kind:u.ENUM_TYPE_EXTENSION,name:n,directives:r,values:i})}parseInputObjectTypeExtension(){let t=this._lexer.token;this.expectKeyword(\"extend\"),this.expectKeyword(\"input\");let n=this.parseName(),r=this.parseConstDirectives(),i=this.parseInputFieldsDefinition();if(r.length===0\u0026\u0026i.length===0)throw this.unexpected();return this.node(t,{kind:u.INPUT_OBJECT_TYPE_EXTENSION,name:n,directives:r,fields:i})}parseDirectiveDefinition(){let t=this._lexer.token,n=this.parseDescription();this.expectKeyword(\"directive\"),this.expectToken(o.AT);let r=this.parseName(),i=this.parseArgumentDefs(),s=this.expectOptionalKeyword(\"repeatable\");this.expectKeyword(\"on\");let a=this.parseDirectiveLocations();return this.node(t,{kind:u.DIRECTIVE_DEFINITION,description:n,name:r,arguments:i,repeatable:s,locations:a})}parseDirectiveLocations(){return this.delimitedMany(o.PIPE,this.parseDirectiveLocation)}parseDirectiveLocation(){let t=this._lexer.token,n=this.parseName();if(Object.prototype.hasOwnProperty.call(M,n.value))return n;throw this.unexpected(t)}node(t,n){return this._options.noLocation!==!0\u0026\u0026(n.loc=new w(t,this._lexer.lastToken,this._lexer.source)),n}peek(t){return this._lexer.token.kind===t}expectToken(t){let n=this._lexer.token;if(n.kind===t)return this.advanceLexer(),n;throw y(this._lexer.source,n.start,`Expected ${Qe(t)}, found ${W(n)}.`)}expectOptionalToken(t){return this._lexer.token.kind===t?(this.advanceLexer(),!0):!1}expectKeyword(t){let n=this._lexer.token;if(n.kind===o.NAME\u0026\u0026n.value===t)this.advanceLexer();else throw y(this._lexer.source,n.start,`Expected \"${t}\", found ${W(n)}.`)}expectOptionalKeyword(t){let n=this._lexer.token;return n.kind===o.NAME\u0026\u0026n.value===t?(this.advanceLexer(),!0):!1}unexpected(t){let n=t??this._lexer.token;return y(this._lexer.source,n.start,`Unexpected ${W(n)}.`)}any(t,n,r){this.expectToken(t);let i=[];for(;!this.expectOptionalToken(r);)i.push(n.call(this));return i}optionalMany(t,n,r){if(this.expectOptionalToken(t)){let i=[];do i.push(n.call(this));while(!this.expectOptionalToken(r));return i}return[]}many(t,n,r){this.expectToken(t);let i=[];do i.push(n.call(this));while(!this.expectOptionalToken(r));return i}delimitedMany(t,n){this.expectOptionalToken(t);let r=[];do r.push(n.call(this));while(this.expectOptionalToken(t));return r}advanceLexer(){let{maxTokens:t}=this._options,n=this._lexer.advance();if(n.kind!==o.EOF\u0026\u0026(++this._tokenCounter,t!==void 0\u0026\u0026this._tokenCounter\u003et))throw y(this._lexer.source,n.start,`Document contains more that ${t} tokens. Parsing aborted.`)}};function W(e){let t=e.value;return Qe(e.kind)+(t!=null?` \"${t}\"`:\"\")}function Qe(e){return Ue(e)?`\"${e}\"`:e}function $e(e){return`\"${e.replace(It,Ot)}\"`}var It=/[\\x00-\\x1f\\x22\\x5c\\x7f-\\x9f]/g;function Ot(e){return vt[e.charCodeAt(0)]}var vt=[\"\\\\u0000\",\"\\\\u0001\",\"\\\\u0002\",\"\\\\u0003\",\"\\\\u0004\",\"\\\\u0005\",\"\\\\u0006\",\"\\\\u0007\",\"\\\\b\",\"\\\\t\",\"\\\\n\",\"\\\\u000B\",\"\\\\f\",\"\\\\r\",\"\\\\u000E\",\"\\\\u000F\",\"\\\\u0010\",\"\\\\u0011\",\"\\\\u0012\",\"\\\\u0013\",\"\\\\u0014\",\"\\\\u0015\",\"\\\\u0016\",\"\\\\u0017\",\"\\\\u0018\",\"\\\\u0019\",\"\\\\u001A\",\"\\\\u001B\",\"\\\\u001C\",\"\\\\u001D\",\"\\\\u001E\",\"\\\\u001F\",\"\",\"\",'\\\\\"',\"\",\"\",\"\",\"\",\"\",\"\",\"\",\"\",\"\",\"\",\"\",\"\",\"\",\"\",\"\",\"\",\"\",\"\",\"\",\"\",\"\",\"\",\"\",\"\",\"\",\"\",\"\",\"\",\"\",\"\",\"\",\"\",\"\",\"\",\"\",\"\",\"\",\"\",\"\",\"\",\"\",\"\",\"\",\"\",\"\",\"\",\"\",\"\",\"\",\"\",\"\",\"\",\"\",\"\",\"\",\"\",\"\",\"\\\\\\\\\",\"\",\"\",\"\",\"\",\"\",\"\",\"\",\"\",\"\",\"\",\"\",\"\",\"\",\"\",\"\",\"\",\"\",\"\",\"\",\"\",\"\",\"\",\"\",\"\",\"\",\"\",\"\",\"\",\"\",\"\",\"\",\"\",\"\",\"\",\"\\\\u007F\",\"\\\\u0080\",\"\\\\u0081\",\"\\\\u0082\",\"\\\\u0083\",\"\\\\u0084\",\"\\\\u0085\",\"\\\\u0086\",\"\\\\u0087\",\"\\\\u0088\",\"\\\\u0089\",\"\\\\u008A\",\"\\\\u008B\",\"\\\\u008C\",\"\\\\u008D\",\"\\\\u008E\",\"\\\\u008F\",\"\\\\u0090\",\"\\\\u0091\",\"\\\\u0092\",\"\\\\u0093\",\"\\\\u0094\",\"\\\\u0095\",\"\\\\u0096\",\"\\\\u0097\",\"\\\\u0098\",\"\\\\u0099\",\"\\\\u009A\",\"\\\\u009B\",\"\\\\u009C\",\"\\\\u009D\",\"\\\\u009E\",\"\\\\u009F\"];var Ye=Object.freeze({});function Ee(e,t,n=pe){let r=new Map;for(let v of Object.values(u))r.set(v,He(t,v));let i,s=Array.isArray(e),a=[e],p=-1,d=[],l=e,h,E,f=[],g=[];do{p++;let v=p===a.length,Oe=v\u0026\u0026d.length!==0;if(v){if(h=g.length===0?void 0:f[f.length-1],l=E,E=g.pop(),Oe)if(s){l=l.slice();let S=0;for(let[ae,ve]of d){let Ae=ae-S;ve===null?(l.splice(Ae,1),S++):l[Ae]=ve}}else{l=Object.defineProperties({},Object.getOwnPropertyDescriptors(l));for(let[S,ae]of d)l[S]=ae}p=i.index,a=i.keys,d=i.edits,s=i.inArray,i=i.prev}else if(E){if(h=s?p:a[p],l=E[h],l==null)continue;f.push(h)}let A;if(!Array.isArray(l)){var T,x;de(l)||L(!1,`Invalid AST Node: ${q(l)}.`);let S=v?(T=r.get(l.kind))===null||T===void 0?void 0:T.leave:(x=r.get(l.kind))===null||x===void 0?void 0:x.enter;if(A=S?.call(t,l,h,E,f,g),A===Ye)break;if(A===!1){if(!v){f.pop();continue}}else if(A!==void 0\u0026\u0026(d.push([h,A]),!v))if(de(A))l=A;else{f.pop();continue}}if(A===void 0\u0026\u0026Oe\u0026\u0026d.push([h,l]),v)f.pop();else{var oe;i={inArray:s,index:p,keys:a,edits:d,prev:i},s=Array.isArray(l),a=s?l:(oe=n[l.kind])!==null\u0026\u0026oe!==void 0?oe:[],p=-1,d=[],E\u0026\u0026g.push(E),E=l}}while(i!==void 0);return d.length!==0?d[d.length-1][1]:e}function He(e,t){let n=e[t];return typeof n==\"object\"?n:typeof n==\"function\"?{enter:n,leave:void 0}:{enter:e.enter,leave:e.leave}}function te(e){return Ee(e,St)}var At=80,St={Name:{leave:e=\u003ee.value},Variable:{leave:e=\u003e\"$\"+e.name},Document:{leave:e=\u003ec(e.definitions,`\n\n`)},OperationDefinition:{leave(e){let t=m(\"(\",c(e.variableDefinitions,\", \"),\")\"),n=c([e.operation,c([e.name,t]),c(e.directives,\" \")],\" \");return(n===\"query\"?\"\":n+\" \")+e.selectionSet}},VariableDefinition:{leave:({variable:e,type:t,defaultValue:n,directives:r})=\u003ee+\": \"+t+m(\" = \",n)+m(\" \",c(r,\" \"))},SelectionSet:{leave:({selections:e})=\u003eO(e)},Field:{leave({alias:e,name:t,arguments:n,directives:r,selectionSet:i}){let s=m(\"\",e,\": \")+t,a=s+m(\"(\",c(n,\", \"),\")\");return a.length\u003eAt\u0026\u0026(a=s+m(`(\n`,ee(c(n,`\n`)),`\n)`)),c([a,c(r,\" \"),i],\" \")}},Argument:{leave:({name:e,value:t})=\u003ee+\": \"+t},FragmentSpread:{leave:({name:e,directives:t})=\u003e\"...\"+e+m(\" \",c(t,\" \"))},InlineFragment:{leave:({typeCondition:e,directives:t,selectionSet:n})=\u003ec([\"...\",m(\"on \",e),c(t,\" \"),n],\" \")},FragmentDefinition:{leave:({name:e,typeCondition:t,variableDefinitions:n,directives:r,selectionSet:i})=\u003e`fragment ${e}${m(\"(\",c(n,\", \"),\")\")} on ${t} ${m(\"\",c(r,\" \"),\" \")}`+i},IntValue:{leave:({value:e})=\u003ee},FloatValue:{leave:({value:e})=\u003ee},StringValue:{leave:({value:e,block:t})=\u003et?qe(e):$e(e)},BooleanValue:{leave:({value:e})=\u003ee?\"true\":\"false\"},NullValue:{leave:()=\u003e\"null\"},EnumValue:{leave:({value:e})=\u003ee},ListValue:{leave:({values:e})=\u003e\"[\"+c(e,\", \")+\"]\"},ObjectValue:{leave:({fields:e})=\u003e\"{\"+c(e,\", \")+\"}\"},ObjectField:{leave:({name:e,value:t})=\u003ee+\": \"+t},Directive:{leave:({name:e,arguments:t})=\u003e\"@\"+e+m(\"(\",c(t,\", \"),\")\")},NamedType:{leave:({name:e})=\u003ee},ListType:{leave:({type:e})=\u003e\"[\"+e+\"]\"},NonNullType:{leave:({type:e})=\u003ee+\"!\"},SchemaDefinition:{leave:({description:e,directives:t,operationTypes:n})=\u003em(\"\",e,`\n`)+c([\"schema\",c(t,\" \"),O(n)],\" \")},OperationTypeDefinition:{leave:({operation:e,type:t})=\u003ee+\": \"+t},ScalarTypeDefinition:{leave:({description:e,name:t,directives:n})=\u003em(\"\",e,`\n`)+c([\"scalar\",t,c(n,\" \")],\" \")},ObjectTypeDefinition:{leave:({description:e,name:t,interfaces:n,directives:r,fields:i})=\u003em(\"\",e,`\n`)+c([\"type\",t,m(\"implements \",c(n,\" \u0026 \")),c(r,\" \"),O(i)],\" \")},FieldDefinition:{leave:({description:e,name:t,arguments:n,type:r,directives:i})=\u003em(\"\",e,`\n`)+t+(ze(n)?m(`(\n`,ee(c(n,`\n`)),`\n)`):m(\"(\",c(n,\", \"),\")\"))+\": \"+r+m(\" \",c(i,\" \"))},InputValueDefinition:{leave:({description:e,name:t,type:n,defaultValue:r,directives:i})=\u003em(\"\",e,`\n`)+c([t+\": \"+n,m(\"= \",r),c(i,\" \")],\" \")},InterfaceTypeDefinition:{leave:({description:e,name:t,interfaces:n,directives:r,fields:i})=\u003em(\"\",e,`\n`)+c([\"interface\",t,m(\"implements \",c(n,\" \u0026 \")),c(r,\" \"),O(i)],\" \")},UnionTypeDefinition:{leave:({description:e,name:t,directives:n,types:r})=\u003em(\"\",e,`\n`)+c([\"union\",t,c(n,\" \"),m(\"= \",c(r,\" | \"))],\" \")},EnumTypeDefinition:{leave:({description:e,name:t,directives:n,values:r})=\u003em(\"\",e,`\n`)+c([\"enum\",t,c(n,\" \"),O(r)],\" \")},EnumValueDefinition:{leave:({description:e,name:t,directives:n})=\u003em(\"\",e,`\n`)+c([t,c(n,\" \")],\" \")},InputObjectTypeDefinition:{leave:({description:e,name:t,directives:n,fields:r})=\u003em(\"\",e,`\n`)+c([\"input\",t,c(n,\" \"),O(r)],\" \")},DirectiveDefinition:{leave:({description:e,name:t,arguments:n,repeatable:r,locations:i})=\u003em(\"\",e,`\n`)+\"directive @\"+t+(ze(n)?m(`(\n`,ee(c(n,`\n`)),`\n)`):m(\"(\",c(n,\", \"),\")\"))+(r?\" repeatable\":\"\")+\" on \"+c(i,\" | \")},SchemaExtension:{leave:({directives:e,operationTypes:t})=\u003ec([\"extend schema\",c(e,\" \"),O(t)],\" \")},ScalarTypeExtension:{leave:({name:e,directives:t})=\u003ec([\"extend scalar\",e,c(t,\" \")],\" \")},ObjectTypeExtension:{leave:({name:e,interfaces:t,directives:n,fields:r})=\u003ec([\"extend type\",e,m(\"implements \",c(t,\" \u0026 \")),c(n,\" \"),O(r)],\" \")},InterfaceTypeExtension:{leave:({name:e,interfaces:t,directives:n,fields:r})=\u003ec([\"extend interface\",e,m(\"implements \",c(t,\" \u0026 \")),c(n,\" \"),O(r)],\" \")},UnionTypeExtension:{leave:({name:e,directives:t,types:n})=\u003ec([\"extend union\",e,c(t,\" \"),m(\"= \",c(n,\" | \"))],\" \")},EnumTypeExtension:{leave:({name:e,directives:t,values:n})=\u003ec([\"extend enum\",e,c(t,\" \"),O(n)],\" \")},InputObjectTypeExtension:{leave:({name:e,directives:t,fields:n})=\u003ec([\"extend input\",e,c(t,\" \"),O(n)],\" \")}};function c(e,t=\"\"){var n;return(n=e?.filter(r=\u003er).join(t))!==null\u0026\u0026n!==void 0?n:\"\"}function O(e){return m(`{\n`,ee(c(e,`\n`)),`\n}`)}function m(e,t,n=\"\"){return t!=null\u0026\u0026t!==\"\"?e+t+n:\"\"}function ee(e){return m(\"  \",e.replace(/\\n/g,`\n  `))}function ze(e){var t;return(t=e?.some(n=\u003en.includes(`\n`)))!==null\u0026\u0026t!==void 0?t:!1}var Te=\"Accept\",ne=\"Content-Type\",G=\"application/json\",ie=\"application/graphql-response+json\";var xe=e=\u003ee.replace(/([\\s,]|#[^\\n\\r]+)+/g,\" \").trim(),Ke=e=\u003e{let t=e.toLowerCase();return t.includes(ie)||t.includes(G)},ye=e=\u003e{try{if(Array.isArray(e))return{_tag:\"Batch\",executionResults:e.map(Je)};if(U(e))return{_tag:\"Single\",executionResult:Je(e)};throw new Error(`Invalid execution result: result is not object or array. \nGot:\n${String(e)}`)}catch(t){return t}},Je=e=\u003e{if(typeof e!=\"object\"||e===null)throw new Error(\"Invalid execution result: result is not object\");let t,n,r;if(\"errors\"in e){if(!U(e.errors)\u0026\u0026!Array.isArray(e.errors))throw new Error(\"Invalid execution result: errors is not plain object OR array\");t=e.errors}if(\"data\"in e){if(!U(e.data)\u0026\u0026e.data!==null)throw new Error(\"Invalid execution result: data is not plain object\");n=e.data}if(\"extensions\"in e){if(!U(e.extensions))throw new Error(\"Invalid execution result: extensions is not plain object\");r=e.extensions}return{data:n,errors:t,extensions:r}},We=e=\u003ee._tag===\"Batch\"?e.executionResults.some(Xe):Xe(e.executionResult),Xe=e=\u003eArray.isArray(e.errors)?e.errors.length\u003e0:!!e.errors,Ne=e=\u003etypeof e==\"object\"\u0026\u0026e!==null\u0026\u0026\"kind\"in e\u0026\u0026e.kind===u.OPERATION_DEFINITION;var bt=e=\u003e{let t,n=e.definitions.filter(Ne);return n.length===1\u0026\u0026(t=n[0].name?.value),t},Ct=e=\u003e{let t=!1,n=e.definitions.filter(Ne);return n.length===1\u0026\u0026(t=n[0].operation===I.MUTATION),t},Q=(e,t)=\u003e{let n=typeof e==\"string\"?e:te(e),r=!1,i;if(t)return{expression:n,isMutation:r,operationName:i};let s=De(()=\u003etypeof e==\"string\"?Z(e):e);return s instanceof Error?{expression:n,isMutation:r,operationName:i}:(i=bt(s),r=Ct(s),{expression:n,operationName:i,isMutation:r})};var re=JSON;var se=async e=\u003e{let t={...e,method:e.request._tag===\"Single\"?e.request.document.isMutation?\"POST\":ce(e.method??\"post\"):e.request.hasMutations?\"POST\":ce(e.method??\"post\"),fetchOptions:{...e.fetchOptions,errorPolicy:e.fetchOptions.errorPolicy??\"none\"}},r=await kt(t.method)(t);if(!r.ok)return new C({status:r.status,headers:r.headers},{query:e.request._tag===\"Single\"?e.request.document.expression:e.request.query,variables:e.request.variables});let i=await Lt(r,e.fetchOptions.jsonSerializer??re);if(i instanceof Error)throw i;let s={status:r.status,headers:r.headers};if(We(i)\u0026\u0026t.fetchOptions.errorPolicy===\"none\"){let a=i._tag===\"Batch\"?{...i.executionResults,...s}:{...i.executionResult,...s};return new C(a,{query:e.request._tag===\"Single\"?e.request.document.expression:e.request.query,variables:e.request.variables})}switch(i._tag){case\"Single\":return{...s,...Ze(t)(i.executionResult)};case\"Batch\":return{...s,data:i.executionResults.map(Ze(t))};default:Y(i)}},Ze=e=\u003et=\u003e({extensions:t.extensions,data:t.data,errors:e.fetchOptions.errorPolicy===\"all\"?t.errors:void 0}),Lt=async(e,t)=\u003e{let n=e.headers.get(ne),r=await e.text();return n\u0026\u0026Ke(n)?ye(t.parse(r)):ye(r)},kt=e=\u003easync t=\u003e{let n=new Headers(t.headers),r=null,i;n.has(Te)||n.set(Te,[ie,G].join(\", \")),e===\"POST\"?(i=(t.fetchOptions.jsonSerializer??re).stringify(wt(t)),typeof i==\"string\"\u0026\u0026!n.has(ne)\u0026\u0026n.set(ne,G)):r=Ft(t);let s={method:e,headers:n,body:i,...t.fetchOptions},a=new URL(t.url),p=s;if(t.middleware){let l=await Promise.resolve(t.middleware({...s,url:t.url,operationName:t.request._tag===\"Single\"?t.request.document.operationName:void 0,variables:t.request.variables})),{url:h,...E}=l;a=new URL(h),p=E}return r\u0026\u0026r.forEach((l,h)=\u003e{a.searchParams.append(h,l)}),await(t.fetch??fetch)(a,p)},wt=e=\u003e{switch(e.request._tag){case\"Single\":return{query:e.request.document.expression,variables:e.request.variables,operationName:e.request.document.operationName};case\"Batch\":return ue(e.request.query,e.request.variables??[]).map(([t,n])=\u003e({query:t,variables:n}));default:throw Y(e.request)}},Ft=e=\u003e{let t=e.fetchOptions.jsonSerializer??re,n=new URLSearchParams;switch(e.request._tag){case\"Single\":return n.append(\"query\",xe(e.request.document.expression)),e.request.variables\u0026\u0026n.append(\"variables\",t.stringify(e.request.variables)),e.request.document.operationName\u0026\u0026n.append(\"operationName\",e.request.document.operationName),n;case\"Batch\":{let r=e.request.variables?.map(a=\u003et.stringify(a))??[],i=e.request.query.map(xe),s=ue(i,r).map(([a,p])=\u003e({query:a,variables:p}));return n.append(\"query\",t.stringify(s)),n}default:throw Y(e.request)}};var _=class{url;requestConfig;constructor(t,n={}){this.url=t,this.requestConfig=n}rawRequest=async(...t)=\u003e{let[n,r,i]=t,s=Re(n,r,i),{headers:a,fetch:p=globalThis.fetch,method:d=\"POST\",requestMiddleware:l,responseMiddleware:h,excludeOperationName:E,...f}=this.requestConfig,{url:g}=this;s.signal!==void 0\u0026\u0026(f.signal=s.signal);let T=Q(s.query,E),x=await se({url:g,request:{_tag:\"Single\",document:T,variables:s.variables},headers:{...D($(a)),...D(s.requestHeaders)},fetch:p,method:d,fetchOptions:f,middleware:l});if(h\u0026\u0026await h(x,{operationName:T.operationName,variables:r,url:this.url}),x instanceof Error)throw x;return x};async request(t,...n){let[r,i]=n,s=et(t,r,i),{headers:a,fetch:p=globalThis.fetch,method:d=\"POST\",requestMiddleware:l,responseMiddleware:h,excludeOperationName:E,...f}=this.requestConfig,{url:g}=this;s.signal!==void 0\u0026\u0026(f.signal=s.signal);let T=Q(s.document,E),x=await se({url:g,request:{_tag:\"Single\",document:T,variables:s.variables},headers:{...D($(a)),...D(s.requestHeaders)},fetch:p,method:d,fetchOptions:f,middleware:l});if(h\u0026\u0026await h(x,{operationName:T.operationName,variables:s.variables,url:this.url}),x instanceof Error)throw x;return x.data}async batchRequests(t,n){let r=_e(t,n),{headers:i,excludeOperationName:s,...a}=this.requestConfig;r.signal!==void 0\u0026\u0026(a.signal=r.signal);let p=r.documents.map(({document:f})=\u003eQ(f,s)),d=p.map(({expression:f})=\u003ef),l=p.some(({isMutation:f})=\u003ef),h=r.documents.map(({variables:f})=\u003ef),E=await se({url:this.url,request:{_tag:\"Batch\",operationName:void 0,query:d,hasMutations:l,variables:h},headers:{...D($(i)),...D(r.requestHeaders)},fetch:this.requestConfig.fetch??globalThis.fetch,method:this.requestConfig.method||\"POST\",fetchOptions:a,middleware:this.requestConfig.requestMiddleware});if(this.requestConfig.responseMiddleware\u0026\u0026await this.requestConfig.responseMiddleware(E,{operationName:void 0,variables:h,url:this.url}),E instanceof Error)throw E;return E.data}setHeaders(t){return this.requestConfig.headers=t,this}setHeader(t,n){let{headers:r}=this.requestConfig;return r?r[t]=n:this.requestConfig.headers={[t]:n},this}setEndpoint(t){return this.url=t,this}};async function ge(e,t,...n){let r=Pt(e,t,...n);return new _(r.url).request({...r})}var et=(e,t,n)=\u003ee.document?e:{document:e,variables:t,requestHeaders:n,signal:void 0},Pt=(e,t,...n)=\u003e{let[r,i]=n;return typeof e==\"string\"?{url:e,document:t,variables:r,requestHeaders:i,signal:void 0}:e};var Ie=(e,...t)=\u003ee.reduce((n,r,i)=\u003e`${n}${r}${i in t?String(t[i]):\"\"}`,\"\");globalThis.main=async function(e){let t=Ie`\n    query ExampleQuery($pokemon: String!) {\n      getFuzzyPokemon(pokemon: $pokemon) {\n        species\n      }\n    }\n  `,n={pokemon:e.pokemon};return{species:(await ge(\"https://graphqlpokemon.favware.tech/v8\",t,n)).getFuzzyPokemon[0].species}};})();\n",
                    "variables": "({ pokemon: context.args.input.pokemon, userId: context.args.user.id })"
                  },
                  "tailor_graphql": null
                },
                "post_hook": null,
                "post_script": "      args.getPokemon\n",
                "post_validation": null,
                "pre_hook": null,
                "pre_script": null,
                "pre_validation": null,
                "run_if": null,
                "skip_on_operation_error": null
              }
            ],
            "workspace_id": "0e47b2e9-d1b5-456c-95fc-991b47120467"
          },
          "sensitive_attributes": [],
          "identity_schema_version": 0,
          "dependencies": [
            "tailor_pipeline.ims",
            "tailor_workspace.ims"
          ]
        }
      ]
    },
    {
      "mode": "managed",
      "type": "tailor_pipeline_resolver",
      "name": "pipeline_insert_data_function",
      "provider": "provider[\"registry.terraform.io/tailor-platform/tailor\"]",
      "instances": [
        {
          "schema_version": 0,
          "attributes": {
            "authorization": {
              "expr": null,
              "insecure": true
            },
            "description": "sample mutation resolver",
            "id": "trn:v1:workspace:0e47b2e9-d1b5-456c-95fc-991b47120467:pipeline:ims:resolver:insertData",
            "name": "insertData",
            "namespace": "ims",
            "post_hook": null,
            "post_script": null,
            "pre_hook": null,
            "pre_script": null,
            "publish_execution_events": null,
            "sdl": "input insertDataInput {\n  title: String!\n}\ntype insertDataResponse {\n  success: Boolean\n}\nextend type Mutation {\n  insertData(input: insertDataInput!): insertDataResponse\n}\n",
            "steps": [
              {
                "context_data": null,
                "description": null,
                "loop_with": null,
                "name": "insertData",
                "operation": {
                  "function": {
                    "invoker": null,
                    "name": "insertData",
                    "script": "globalThis.main = async function (args) {\n  const client = new tailordb.Client({\n    namespace: \"ims\",\n  });\n  await client.connect();\n  try {\n    const millis = Date.now()\n    const products = await client.queryObject(\"SELECT * FROM Product\");\n    const len = products.rows.length;\n    if (len !== 0) {\n      throw new Error(`The size of Product, expected:0 got:${len}`)\n    }\n    const fixtures = [\n      `${millis} - Product 1`,\n      `${millis} - Product 2`,\n      `${millis} - Product 3`,\n      `${millis} - Product 4`,\n    ]\n    const transaction = client.createTransaction(\"add_products\");\n    try {\n      await transaction.begin();\n      for (const i of fixtures) {\n        const ret = await transaction.queryObject(`INSERT INTO Product (title) VALUES ('${i}')`);\n      }\n      await transaction.commit();\n      const products = await client.queryObject(`SELECT * FROM Product WHERE title like '${millis}%'`);\n      const len = products.rows.length;\n      if (len !== 4) {\n        throw new Error(`The size of Product, expected:4 got:${len}`)\n      }\n      return {\n        success: len === 4\n      };\n    } catch (e) {\n      throw new Error(`add_products failed with error:${e}\\n${e.cause}`)\n    }\n  }\n  finally {\n    await client.end();\n  }\n}",
                    "variables": "({ title: context.args.input.title })"
                  },
                  "tailor_graphql": null
                },
                "post_hook": null,
                "post_script": "      args.insertData\n",
                "post_validation": null,
                "pre_hook": null,
                "pre_script": null,
                "pre_validation": null,
                "run_if": null,
                "skip_on_operation_error": null
              }
            ],
            "workspace_id": "0e47b2e9-d1b5-456c-95fc-991b47120467"
          },
          "sensitive_attributes": [],
          "identity_schema_version": 0,
          "dependencies": [
            "tailor_pipeline.ims",
            "tailor_workspace.ims"
          ]
        }
      ]
    },
    {
      "mode": "managed",
      "type": "tailor_pipeline_resolver",
      "name": "sample_function",
      "provider": "provider[\"registry.terraform.io/tailor-platform/tailor\"]",
      "instances": [
        {
          "schema_version": 0,
          "attributes": {
            "authorization": {
              "expr": null,
              "insecure": true
            },
            "description": "sample query resolver",
            "id": "trn:v1:workspace:0e47b2e9-d1b5-456c-95fc-991b47120467:pipeline:ims:resolver:functionSampleHello",
            "name": "functionSampleHello",
            "namespace": "ims",
            "post_hook": null,
            "post_script": null,
            "pre_hook": null,
            "pre_script": null,
            "publish_execution_events": null,
            "sdl": "input functionSampleHelloInput {\n    message: String!\n}\ntype functionSampleResponse {\n    message: String\n}\n\nextend type Mutation {\n    functionSampleHello(input: functionSampleHelloInput!): functionSampleResponse!\n}\n",
            "steps": [
              {
                "context_data": null,
                "description": null,
                "loop_with": null,
                "name": "functionSampleHello",
                "operation": {
                  "function": {
                    "invoker": null,
                    "name": "functionSampleHello",
                    "script": "export function main(args) {\n    return {\n        // A temporary measure until the function runtime supports parsing arguments.\n        message: \"hello \" + args.message\n    };\n}\n",
                    "variables": "({ message: user.id })"
                  },
                  "tailor_graphql": null
                },
                "post_hook": null,
                "post_script": "\t    args.functionSampleHello\n",
                "post_validation": null,
                "pre_hook": null,
                "pre_script": null,
                "pre_validation": null,
                "run_if": null,
                "skip_on_operation_error": null
              }
            ],
            "workspace_id": "0e47b2e9-d1b5-456c-95fc-991b47120467"
          },
          "sensitive_attributes": [],
          "identity_schema_version": 0,
          "dependencies": [
            "tailor_pipeline.ims",
            "tailor_workspace.ims"
          ]
        }
      ]
    },
    {
      "mode": "managed",
      "type": "tailor_secretmanager_secret",
      "name": "saml-cert",
      "provider": "provider[\"registry.terraform.io/tailor-platform/tailor\"]",
      "instances": [
        {
          "schema_version": 0,
          "attributes": {
            "id": "trn:v1:workspace:0e47b2e9-d1b5-456c-95fc-991b47120467:vault:default:secret:saml-cert",
            "name": "saml-cert",
            "value": null,
            "value_wo": null,
            "value_wo_version": 1,
            "vault_name": "default",
            "workspace_id": "0e47b2e9-d1b5-456c-95fc-991b47120467"
          },
          "sensitive_attributes": [
            [
              {
                "type": "get_attr",
                "value": "value"
              }
            ]
          ],
          "identity_schema_version": 0,
          "dependencies": [
            "tailor_secretmanager_vault.default",
            "tailor_workspace.ims"
          ]
        }
      ]
    },
    {
      "mode": "managed",
      "type": "tailor_secretmanager_secret",
      "name": "saml-key",
      "provider": "provider[\"registry.terraform.io/tailor-platform/tailor\"]",
      "instances": [
        {
          "schema_version": 0,
          "attributes": {
            "id": "trn:v1:workspace:0e47b2e9-d1b5-456c-95fc-991b47120467:vault:default:secret:saml-key",
            "name": "saml-key",
            "value": null,
            "value_wo": null,
            "value_wo_version": 1,
            "vault_name": "default",
            "workspace_id": "0e47b2e9-d1b5-456c-95fc-991b47120467"
          },
          "sensitive_attributes": [
            [
              {
                "type": "get_attr",
                "value": "value"
              }
            ]
          ],
          "identity_schema_version": 0,
          "dependencies": [
            "tailor_secretmanager_vault.default",
            "tailor_workspace.ims"
          ]
        }
      ]
    },
    {
      "mode": "managed",
      "type": "tailor_secretmanager_vault",
      "name": "default",
      "provider": "provider[\"registry.terraform.io/tailor-platform/tailor\"]",
      "instances": [
        {
          "schema_version": 0,
          "attributes": {
            "id": "trn:v1:workspace:0e47b2e9-d1b5-456c-95fc-991b47120467:vault:default",
            "name": "default",
            "workspace_id": "0e47b2e9-d1b5-456c-95fc-991b47120467"
          },
          "sensitive_attributes": [],
          "identity_schema_version": 0,
          "dependencies": [
            "tailor_workspace.ims"
          ]
        }
      ]
    },
    {
      "mode": "managed",
      "type": "tailor_stateflow",
      "name": "ims",
      "provider": "provider[\"registry.terraform.io/tailor-platform/tailor\"]",
      "instances": [
        {
          "schema_version": 0,
          "attributes": {
            "admins": [
              "75921960-d5f8-a78c-75ca-8f231849dc94"
            ],
            "id": "trn:v1:workspace:0e47b2e9-d1b5-456c-95fc-991b47120467:stateflow:ims",
            "namespace": "ims",
            "workspace_id": "0e47b2e9-d1b5-456c-95fc-991b47120467"
          },
          "sensitive_attributes": [],
          "identity_schema_version": 0,
          "dependencies": [
            "tailor_auth.ims_auth",
            "tailor_auth_machine_user.r2d2",
            "tailor_workspace.ims"
          ]
        }
      ]
    },
    {
      "mode": "managed",
      "type": "tailor_tailordb",
      "name": "ims",
      "provider": "provider[\"registry.terraform.io/tailor-platform/tailor\"]",
      "instances": [
        {
          "schema_version": 0,
          "attributes": {
            "id": "trn:v1:workspace:0e47b2e9-d1b5-456c-95fc-991b47120467:tailordb:ims",
            "namespace": "ims",
            "workspace_id": "0e47b2e9-d1b5-456c-95fc-991b47120467"
          },
          "sensitive_attributes": [],
          "identity_schema_version": 0,
          "dependencies": [
            "tailor_workspace.ims"
          ]
        }
      ]
    },
    {
      "mode": "managed",
      "type": "tailor_tailordb_type",
      "name": "category",
      "provider": "provider[\"registry.terraform.io/tailor-platform/tailor\"]",
      "instances": [
        {
          "schema_version": 0,
          "attributes": {
            "description": "Contains information about categories of products.",
            "directives": null,
            "extends": null,
            "fields": {
              "createdAt": {
                "allowed_values": null,
                "array": null,
                "description": "Creation date of the category",
                "fields": null,
                "foreign_key": null,
                "hooks": {
                  "create": "(new Date()).toISOString()",
                  "create_expr": null,
                  "update": null,
                  "update_expr": null
                },
                "index": null,
                "required": null,
                "serial": null,
                "source": null,
                "type": "datetime",
                "unique": null,
                "validate": null,
                "vector": null
              },
              "description": {
                "allowed_values": null,
                "array": null,
                "description": "Description of the category.",
                "fields": null,
                "foreign_key": null,
                "hooks": null,
                "index": null,
                "required": null,
                "serial": null,
                "source": null,
                "type": "string",
                "unique": null,
                "validate": null,
                "vector": null
              },
              "name": {
                "allowed_values": null,
                "array": null,
                "description": "Name of the category.",
                "fields": null,
                "foreign_key": null,
                "hooks": null,
                "index": null,
                "required": null,
                "serial": null,
                "source": null,
                "type": "string",
                "unique": null,
                "validate": null,
                "vector": null
              }
            },
            "id": "trn:v1:workspace:0e47b2e9-d1b5-456c-95fc-991b47120467:tailordb:ims:type:Category",
            "indexes": null,
            "name": "Category",
            "namespace": "ims",
            "record_permission": null,
            "relationships": null,
            "settings": {
              "aggregation": null,
              "bulk_upsert": true,
              "default_query_limit_size": null,
              "draft": null,
              "max_bulk_upsert_size": null,
              "plural_form": null,
              "publish_record_events": true
            },
            "type_permission": {
              "admin": [
                {
                  "attribute": null,
                  "attributes": [
                    "everyone",
                    "75921960-d5f8-a78c-75ca-8f231849dc94"
                  ],
                  "permit": "allow"
                }
              ],
              "create": [
                {
                  "attribute": "everyone",
                  "attributes": null,
                  "permit": "allow"
                }
              ],
              "delete": [
                {
                  "attribute": "everyone",
                  "attributes": null,
                  "permit": "allow"
                }
              ],
              "read": [
                {
                  "attribute": "everyone",
                  "attributes": null,
                  "permit": "allow"
                }
              ],
              "update": [
                {
                  "attribute": "everyone",
                  "attributes": null,
                  "permit": "allow"
                }
              ]
            },
            "workspace_id": "0e47b2e9-d1b5-456c-95fc-991b47120467"
          },
          "sensitive_attributes": [],
          "identity_schema_version": 0,
          "dependencies": [
            "tailor_auth.ims_auth",
            "tailor_auth_machine_user.r2d2",
            "tailor_tailordb.ims",
            "tailor_workspace.ims"
          ]
        }
      ]
    },
    {
      "mode": "managed",
      "type": "tailor_tailordb_type",
      "name": "character",
      "provider": "provider[\"registry.terraform.io/tailor-platform/tailor\"]",
      "instances": [
        {
          "schema_version": 0,
          "attributes": {
            "description": "Character data schema",
            "directives": [
              {
                "args": [
                  {
                    "name": "fields",
                    "value": "id"
                  }
                ],
                "name": "key"
              }
            ],
            "extends": null,
            "fields": {
              "createdAt": {
                "allowed_values": null,
                "array": null,
                "description": "Creation date of the character",
                "fields": null,
                "foreign_key": null,
                "hooks": {
                  "create": "(new Date()).toISOString()",
                  "create_expr": null,
                  "update": null,
                  "update_expr": null
                },
                "index": true,
                "required": null,
                "serial": null,
                "source": null,
                "type": "datetime",
                "unique": null,
                "validate": null,
                "vector": null
              },
              "email": {
                "allowed_values": null,
                "array": null,
                "description": "Email address of the character",
                "fields": null,
                "foreign_key": null,
                "hooks": null,
                "index": true,
                "required": true,
                "serial": null,
                "source": null,
                "type": "string",
                "unique": true,
                "validate": null,
                "vector": null
              },
              "name": {
                "allowed_values": null,
                "array": null,
                "description": "Name of the character",
                "fields": null,
                "foreign_key": null,
                "hooks": null,
                "index": true,
                "required": true,
                "serial": null,
                "source": null,
                "type": "string",
                "unique": null,
                "validate": null,
                "vector": null
              }
            },
            "id": "trn:v1:workspace:0e47b2e9-d1b5-456c-95fc-991b47120467:tailordb:ims:type:Character",
            "indexes": null,
            "name": "Character",
            "namespace": "ims",
            "record_permission": null,
            "relationships": null,
            "settings": {
              "aggregation": true,
              "bulk_upsert": true,
              "default_query_limit_size": null,
              "draft": null,
              "max_bulk_upsert_size": null,
              "plural_form": null,
              "publish_record_events": null
            },
            "type_permission": {
              "admin": [
                {
                  "attribute": null,
                  "attributes": [
                    "everyone",
                    "75921960-d5f8-a78c-75ca-8f231849dc94"
                  ],
                  "permit": "allow"
                }
              ],
              "create": [
                {
                  "attribute": "everyone",
                  "attributes": null,
                  "permit": "allow"
                }
              ],
              "delete": [
                {
                  "attribute": "everyone",
                  "attributes": null,
                  "permit": "allow"
                }
              ],
              "read": [
                {
                  "attribute": "everyone",
                  "attributes": null,
                  "permit": "allow"
                }
              ],
              "update": [
                {
                  "attribute": "everyone",
                  "attributes": null,
                  "permit": "allow"
                }
              ]
            },
            "workspace_id": "0e47b2e9-d1b5-456c-95fc-991b47120467"
          },
          "sensitive_attributes": [],
          "identity_schema_version": 0,
          "dependencies": [
            "tailor_auth.ims_auth",
            "tailor_auth_machine_user.r2d2",
            "tailor_tailordb.ims",
            "tailor_workspace.ims"
          ]
        }
      ]
    },
    {
      "mode": "managed",
      "type": "tailor_tailordb_type",
      "name": "contact",
      "provider": "provider[\"registry.terraform.io/tailor-platform/tailor\"]",
      "instances": [
        {
          "schema_version": 0,
          "attributes": {
            "description": "Contains information about suppliers and customers.",
            "directives": null,
            "extends": null,
            "fields": {
              "address": {
                "allowed_values": null,
                "array": null,
                "description": "Address",
                "fields": null,
                "foreign_key": null,
                "hooks": null,
                "index": null,
                "required": null,
                "serial": null,
                "source": null,
                "type": "string",
                "unique": null,
                "validate": null,
                "vector": null
              },
              "contactType": {
                "allowed_values": [
                  {
                    "description": "SUPPLIER type",
                    "value": "SUPPLIER"
                  },
                  {
                    "description": "CUSTOMER type",
                    "value": "CUSTOMER"
                  }
                ],
                "array": null,
                "description": "Contact type. Either supplier or customer",
                "fields": null,
                "foreign_key": null,
                "hooks": null,
                "index": null,
                "required": null,
                "serial": null,
                "source": null,
                "type": "enum",
                "unique": null,
                "validate": null,
                "vector": null
              },
              "email": {
                "allowed_values": null,
                "array": null,
                "description": "Email.",
                "fields": null,
                "foreign_key": null,
                "hooks": null,
                "index": null,
                "required": null,
                "serial": null,
                "source": null,
                "type": "string",
                "unique": null,
                "validate": null,
                "vector": null
              },
              "name": {
                "allowed_values": null,
                "array": null,
                "description": "Name of the contact.",
                "fields": null,
                "foreign_key": null,
                "hooks": null,
                "index": null,
                "required": null,
                "serial": null,
                "source": null,
                "type": "string",
                "unique": null,
                "validate": null,
                "vector": null
              },
              "phone": {
                "allowed_values": null,
                "array": null,
                "description": "Phone number.",
                "fields": null,
                "foreign_key": null,
                "hooks": null,
                "index": null,
                "required": null,
                "serial": null,
                "source": null,
                "type": "string",
                "unique": null,
                "validate": null,
                "vector": null
              }
            },
            "id": "trn:v1:workspace:0e47b2e9-d1b5-456c-95fc-991b47120467:tailordb:ims:type:Contact",
            "indexes": null,
            "name": "Contact",
            "namespace": "ims",
            "record_permission": null,
            "relationships": null,
            "settings": null,
            "type_permission": {
              "admin": [
                {
                  "attribute": null,
                  "attributes": [
                    "everyone",
                    "75921960-d5f8-a78c-75ca-8f231849dc94"
                  ],
                  "permit": "allow"
                }
              ],
              "create": [
                {
                  "attribute": "everyone",
                  "attributes": null,
                  "permit": "allow"
                }
              ],
              "delete": [
                {
                  "attribute": "everyone",
                  "attributes": null,
                  "permit": "allow"
                }
              ],
              "read": [
                {
                  "attribute": "everyone",
                  "attributes": null,
                  "permit": "allow"
                }
              ],
              "update": [
                {
                  "attribute": "everyone",
                  "attributes": null,
                  "permit": "allow"
                }
              ]
            },
            "workspace_id": "0e47b2e9-d1b5-456c-95fc-991b47120467"
          },
          "sensitive_attributes": [],
          "identity_schema_version": 0,
          "dependencies": [
            "tailor_auth.ims_auth",
            "tailor_auth_machine_user.r2d2",
            "tailor_tailordb.ims",
            "tailor_workspace.ims"
          ]
        }
      ]
    },
    {
      "mode": "managed",
      "type": "tailor_tailordb_type",
      "name": "order",
      "provider": "provider[\"registry.terraform.io/tailor-platform/tailor\"]",
      "instances": [
        {
          "schema_version": 0,
          "attributes": {
            "description": "Contains information about product orders.",
            "directives": null,
            "extends": null,
            "fields": {
              "contact": {
                "allowed_values": null,
                "array": null,
                "description": "Link to the Contacts",
                "fields": null,
                "foreign_key": null,
                "hooks": null,
                "index": null,
                "required": null,
                "serial": null,
                "source": "contactId",
                "type": "Contact",
                "unique": null,
                "validate": null,
                "vector": null
              },
              "contactId": {
                "allowed_values": null,
                "array": null,
                "description": "Unique identifier of the associated contact",
                "fields": null,
                "foreign_key": {
                  "field": "id",
                  "type": "Contact"
                },
                "hooks": null,
                "index": null,
                "required": true,
                "serial": null,
                "source": null,
                "type": "uuid",
                "unique": null,
                "validate": null,
                "vector": null
              },
              "description": {
                "allowed_values": null,
                "array": null,
                "description": "Description of the order.",
                "fields": null,
                "foreign_key": null,
                "hooks": null,
                "index": null,
                "required": null,
                "serial": null,
                "source": null,
                "type": "string",
                "unique": null,
                "validate": null,
                "vector": null
              },
              "name": {
                "allowed_values": null,
                "array": null,
                "description": "Name of the order.",
                "fields": null,
                "foreign_key": null,
                "hooks": null,
                "index": null,
                "required": null,
                "serial": null,
                "source": null,
                "type": "string",
                "unique": null,
                "validate": null,
                "vector": null
              },
              "orderDate": {
                "allowed_values": null,
                "array": null,
                "description": "Date of the order.",
                "fields": null,
                "foreign_key": null,
                "hooks": null,
                "index": null,
                "required": null,
                "serial": null,
                "source": null,
                "type": "datetime",
                "unique": null,
                "validate": null,
                "vector": null
              },
              "orderType": {
                "allowed_values": [
                  {
                    "description": "PENDING type",
                    "value": "PENDING"
                  },
                  {
                    "description": "COMPLETED type",
                    "value": "COMPLETED"
                  },
                  {
                    "description": "SALES type",
                    "value": "SALES"
                  }
                ],
                "array": null,
                "description": "Order status",
                "fields": null,
                "foreign_key": null,
                "hooks": null,
                "index": null,
                "required": null,
                "serial": null,
                "source": null,
                "type": "enum",
                "unique": null,
                "validate": null,
                "vector": null
              }
            },
            "id": "trn:v1:workspace:0e47b2e9-d1b5-456c-95fc-991b47120467:tailordb:ims:type:Order",
            "indexes": null,
            "name": "Order",
            "namespace": "ims",
            "record_permission": null,
            "relationships": null,
            "settings": null,
            "type_permission": {
              "admin": [
                {
                  "attribute": null,
                  "attributes": [
                    "everyone",
                    "75921960-d5f8-a78c-75ca-8f231849dc94"
                  ],
                  "permit": "allow"
                }
              ],
              "create": [
                {
                  "attribute": "everyone",
                  "attributes": null,
                  "permit": "allow"
                }
              ],
              "delete": [
                {
                  "attribute": "everyone",
                  "attributes": null,
                  "permit": "allow"
                }
              ],
              "read": [
                {
                  "attribute": "everyone",
                  "attributes": null,
                  "permit": "allow"
                }
              ],
              "update": [
                {
                  "attribute": "everyone",
                  "attributes": null,
                  "permit": "allow"
                }
              ]
            },
            "workspace_id": "0e47b2e9-d1b5-456c-95fc-991b47120467"
          },
          "sensitive_attributes": [],
          "identity_schema_version": 0,
          "dependencies": [
            "tailor_auth.ims_auth",
            "tailor_auth_machine_user.r2d2",
            "tailor_tailordb.ims",
            "tailor_workspace.ims"
          ]
        }
      ]
    },
    {
      "mode": "managed",
      "type": "tailor_tailordb_type",
      "name": "order_item",
      "provider": "provider[\"registry.terraform.io/tailor-platform/tailor\"]",
      "instances": [
        {
          "schema_version": 0,
          "attributes": {
            "description": "Tracks products in each order.",
            "directives": null,
            "extends": null,
            "fields": {
              "order": {
                "allowed_values": null,
                "array": null,
                "description": "Link to the Orders",
                "fields": null,
                "foreign_key": null,
                "hooks": null,
                "index": null,
                "required": null,
                "serial": null,
                "source": "orderId",
                "type": "Order",
                "unique": null,
                "validate": null,
                "vector": null
              },
              "orderId": {
                "allowed_values": null,
                "array": null,
                "description": "Unique identifier of the associated order",
                "fields": null,
                "foreign_key": {
                  "field": "id",
                  "type": "Order"
                },
                "hooks": null,
                "index": null,
                "required": true,
                "serial": null,
                "source": null,
                "type": "uuid",
                "unique": null,
                "validate": null,
                "vector": null
              },
              "price": {
                "allowed_values": null,
                "array": null,
                "description": "unit price",
                "fields": null,
                "foreign_key": null,
                "hooks": null,
                "index": null,
                "required": null,
                "serial": null,
                "source": null,
                "type": "float",
                "unique": null,
                "validate": null,
                "vector": null
              },
              "product": {
                "allowed_values": null,
                "array": null,
                "description": "Link to the Orders",
                "fields": null,
                "foreign_key": null,
                "hooks": null,
                "index": null,
                "required": null,
                "serial": null,
                "source": "productId",
                "type": "Product",
                "unique": null,
                "validate": null,
                "vector": null
              },
              "productId": {
                "allowed_values": null,
                "array": null,
                "description": "Unique identifier of the associated product",
                "fields": null,
                "foreign_key": {
                  "field": "id",
                  "type": "Product"
                },
                "hooks": null,
                "index": null,
                "required": true,
                "serial": null,
                "source": null,
                "type": "uuid",
                "unique": null,
                "validate": null,
                "vector": null
              },
              "quantity": {
                "allowed_values": null,
                "array": null,
                "description": "quantity",
                "fields": null,
                "foreign_key": null,
                "hooks": null,
                "index": null,
                "required": null,
                "serial": null,
                "source": null,
                "type": "integer",
                "unique": null,
                "validate": null,
                "vector": null
              },
              "totalPrice": {
                "allowed_values": null,
                "array": null,
                "description": "Total price of a certain product",
                "fields": null,
                "foreign_key": null,
                "hooks": {
                  "create": "_data.price * _data.quantity",
                  "create_expr": null,
                  "update": "_data.price * _data.quantity",
                  "update_expr": null
                },
                "index": null,
                "required": null,
                "serial": null,
                "source": null,
                "type": "integer",
                "unique": null,
                "validate": [
                  {
                    "action": "deny",
                    "error_message": null,
                    "expr": "_value \u003c 100",
                    "script": null
                  },
                  {
                    "action": "deny",
                    "error_message": null,
                    "expr": "_value.price \u003c 10",
                    "script": null
                  }
                ],
                "vector": null
              }
            },
            "id": "trn:v1:workspace:0e47b2e9-d1b5-456c-95fc-991b47120467:tailordb:ims:type:OrderItem",
            "indexes": null,
            "name": "OrderItem",
            "namespace": "ims",
            "record_permission": null,
            "relationships": null,
            "settings": null,
            "type_permission": {
              "admin": [
                {
                  "attribute": null,
                  "attributes": [
                    "everyone",
                    "75921960-d5f8-a78c-75ca-8f231849dc94"
                  ],
                  "permit": "allow"
                }
              ],
              "create": [
                {
                  "attribute": "everyone",
                  "attributes": null,
                  "permit": "allow"
                }
              ],
              "delete": [
                {
                  "attribute": "everyone",
                  "attributes": null,
                  "permit": "allow"
                }
              ],
              "read": [
                {
                  "attribute": "everyone",
                  "attributes": null,
                  "permit": "allow"
                }
              ],
              "update": [
                {
                  "attribute": "everyone",
                  "attributes": null,
                  "permit": "allow"
                }
              ]
            },
            "workspace_id": "0e47b2e9-d1b5-456c-95fc-991b47120467"
          },
          "sensitive_attributes": [],
          "identity_schema_version": 0,
          "dependencies": [
            "tailor_auth.ims_auth",
            "tailor_auth_machine_user.r2d2",
            "tailor_tailordb.ims",
            "tailor_workspace.ims"
          ]
        }
      ]
    },
    {
      "mode": "managed",
      "type": "tailor_tailordb_type",
      "name": "product",
      "provider": "provider[\"registry.terraform.io/tailor-platform/tailor\"]",
      "instances": [
        {
          "schema_version": 0,
          "attributes": {
            "description": "Product data schema",
            "directives": null,
            "extends": null,
            "fields": {
              "categoryID": {
                "allowed_values": null,
                "array": null,
                "description": "Category of the product",
                "fields": null,
                "foreign_key": null,
                "hooks": null,
                "index": null,
                "required": null,
                "serial": null,
                "source": null,
                "type": "uuid",
                "unique": null,
                "validate": null,
                "vector": null
              },
              "description": {
                "allowed_values": null,
                "array": null,
                "description": "Description of the product",
                "fields": null,
                "foreign_key": null,
                "hooks": null,
                "index": null,
                "required": null,
                "serial": null,
                "source": null,
                "type": "string",
                "unique": null,
                "validate": [
                  {
                    "action": "deny",
                    "error_message": "Description length should be less than 10 characters.",
                    "expr": null,
                    "script": "((value, data) =\u003e { return !(value.length \u003c 10)})(_value, _data)"
                  }
                ],
                "vector": true
              },
              "featuredImage": {
                "allowed_values": null,
                "array": null,
                "description": "Featured image of the product",
                "fields": null,
                "foreign_key": null,
                "hooks": null,
                "index": null,
                "required": null,
                "serial": null,
                "source": "featuredImageID",
                "type": "ProductImage",
                "unique": null,
                "validate": null,
                "vector": null
              },
              "featuredImageID": {
                "allowed_values": null,
                "array": null,
                "description": "Featured image ID",
                "fields": null,
                "foreign_key": {
                  "field": "id",
                  "type": "ProductImage"
                },
                "hooks": null,
                "index": null,
                "required": null,
                "serial": null,
                "source": null,
                "type": "uuid",
                "unique": null,
                "validate": null,
                "vector": null
              },
              "handle": {
                "allowed_values": null,
                "array": null,
                "description": "Product handle",
                "fields": null,
                "foreign_key": null,
                "hooks": null,
                "index": null,
                "required": null,
                "serial": null,
                "source": null,
                "type": "string",
                "unique": null,
                "validate": null,
                "vector": null
              },
              "inStock": {
                "allowed_values": null,
                "array": null,
                "description": "Quantity of the product",
                "fields": null,
                "foreign_key": null,
                "hooks": null,
                "index": null,
                "required": null,
                "serial": null,
                "source": null,
                "type": "integer",
                "unique": null,
                "validate": [
                  {
                    "action": "deny",
                    "error_message": "inStock value must be less than 100 or over 103",
                    "expr": null,
                    "script": "        ((value, data) =\u003e { \n          console.log(value)\n          console.log(data)\n          return value \u003e=100 \u0026\u0026 value \u003c=103\n          })(_value, _data)\n"
                  }
                ],
                "vector": null
              },
              "itemCode": {
                "allowed_values": null,
                "array": null,
                "description": null,
                "fields": null,
                "foreign_key": null,
                "hooks": null,
                "index": null,
                "required": null,
                "serial": null,
                "source": null,
                "type": "string",
                "unique": null,
                "validate": [
                  {
                    "action": "deny",
                    "error_message": "To create an item, you must have editor role",
                    "expr": null,
                    "script": "((value, data) =\u003e { return !user.attributes.includes(\"your-editor-id\") })(_value, _data)"
                  }
                ],
                "vector": null
              },
              "shopifyID": {
                "allowed_values": null,
                "array": null,
                "description": "Shopify product ID",
                "fields": null,
                "foreign_key": null,
                "hooks": null,
                "index": null,
                "required": null,
                "serial": null,
                "source": null,
                "type": "string",
                "unique": null,
                "validate": null,
                "vector": null
              },
              "title": {
                "allowed_values": null,
                "array": null,
                "description": "Title of the product",
                "fields": null,
                "foreign_key": null,
                "hooks": null,
                "index": true,
                "required": true,
                "serial": null,
                "source": null,
                "type": "string",
                "unique": null,
                "validate": null,
                "vector": null
              }
            },
            "id": "trn:v1:workspace:0e47b2e9-d1b5-456c-95fc-991b47120467:tailordb:ims:type:Product",
            "indexes": null,
            "name": "Product",
            "namespace": "ims",
            "record_permission": null,
            "relationships": null,
            "settings": {
              "aggregation": null,
              "bulk_upsert": null,
              "default_query_limit_size": null,
              "draft": true,
              "max_bulk_upsert_size": null,
              "plural_form": null,
              "publish_record_events": true
            },
            "type_permission": {
              "admin": [
                {
                  "attribute": null,
                  "attributes": [
                    "everyone",
                    "75921960-d5f8-a78c-75ca-8f231849dc94"
                  ],
                  "permit": "allow"
                }
              ],
              "create": [
                {
                  "attribute": "everyone",
                  "attributes": null,
                  "permit": "allow"
                }
              ],
              "delete": [
                {
                  "attribute": "everyone",
                  "attributes": null,
                  "permit": "allow"
                }
              ],
              "read": [
                {
                  "attribute": "everyone",
                  "attributes": null,
                  "permit": "allow"
                }
              ],
              "update": [
                {
                  "attribute": "everyone",
                  "attributes": null,
                  "permit": "allow"
                }
              ]
            },
            "workspace_id": "0e47b2e9-d1b5-456c-95fc-991b47120467"
          },
          "sensitive_attributes": [],
          "identity_schema_version": 0,
          "dependencies": [
            "tailor_auth.ims_auth",
            "tailor_auth_machine_user.r2d2",
            "tailor_tailordb.ims",
            "tailor_workspace.ims"
          ]
        }
      ]
    },
    {
      "mode": "managed",
      "type": "tailor_tailordb_type",
      "name": "product_image",
      "provider": "provider[\"registry.terraform.io/tailor-platform/tailor\"]",
      "instances": [
        {
          "schema_version": 0,
          "attributes": {
            "description": "Product Image",
            "directives": null,
            "extends": null,
            "fields": {
              "altText": {
                "allowed_values": null,
                "array": null,
                "description": "Alt text",
                "fields": null,
                "foreign_key": null,
                "hooks": null,
                "index": null,
                "required": null,
                "serial": null,
                "source": null,
                "type": "string",
                "unique": null,
                "validate": null,
                "vector": null
              },
              "shopifyID": {
                "allowed_values": null,
                "array": null,
                "description": "Shopify image ID",
                "fields": null,
                "foreign_key": null,
                "hooks": null,
                "index": null,
                "required": null,
                "serial": null,
                "source": null,
                "type": "string",
                "unique": null,
                "validate": null,
                "vector": null
              },
              "url": {
                "allowed_values": null,
                "array": null,
                "description": "Image URL",
                "fields": null,
                "foreign_key": null,
                "hooks": null,
                "index": null,
                "required": null,
                "serial": null,
                "source": null,
                "type": "string",
                "unique": null,
                "validate": null,
                "vector": null
              }
            },
            "id": "trn:v1:workspace:0e47b2e9-d1b5-456c-95fc-991b47120467:tailordb:ims:type:ProductImage",
            "indexes": null,
            "name": "ProductImage",
            "namespace": "ims",
            "record_permission": null,
            "relationships": null,
            "settings": {
              "aggregation": null,
              "bulk_upsert": true,
              "default_query_limit_size": null,
              "draft": null,
              "max_bulk_upsert_size": null,
              "plural_form": null,
              "publish_record_events": null
            },
            "type_permission": {
              "admin": [
                {
                  "attribute": null,
                  "attributes": [
                    "everyone",
                    "75921960-d5f8-a78c-75ca-8f231849dc94"
                  ],
                  "permit": "allow"
                }
              ],
              "create": [
                {
                  "attribute": "everyone",
                  "attributes": null,
                  "permit": "allow"
                }
              ],
              "delete": [
                {
                  "attribute": "everyone",
                  "attributes": null,
                  "permit": "allow"
                }
              ],
              "read": [
                {
                  "attribute": "everyone",
                  "attributes": null,
                  "permit": "allow"
                }
              ],
              "update": [
                {
                  "attribute": "everyone",
                  "attributes": null,
                  "permit": "allow"
                }
              ]
            },
            "workspace_id": "0e47b2e9-d1b5-456c-95fc-991b47120467"
          },
          "sensitive_attributes": [],
          "identity_schema_version": 0,
          "dependencies": [
            "tailor_auth.ims_auth",
            "tailor_auth_machine_user.r2d2",
            "tailor_tailordb.ims",
            "tailor_workspace.ims"
          ]
        }
      ]
    },
    {
      "mode": "managed",
      "type": "tailor_tailordb_type",
      "name": "role",
      "provider": "provider[\"registry.terraform.io/tailor-platform/tailor\"]",
      "instances": [
        {
          "schema_version": 0,
          "attributes": {
            "description": "User roles.",
            "directives": null,
            "extends": null,
            "fields": {
              "name": {
                "allowed_values": null,
                "array": null,
                "description": "Name of the Role.",
                "fields": null,
                "foreign_key": null,
                "hooks": null,
                "index": true,
                "required": true,
                "serial": null,
                "source": null,
                "type": "string",
                "unique": null,
                "validate": null,
                "vector": null
              }
            },
            "id": "trn:v1:workspace:0e47b2e9-d1b5-456c-95fc-991b47120467:tailordb:ims:type:Role",
            "indexes": null,
            "name": "Role",
            "namespace": "ims",
            "record_permission": null,
            "relationships": null,
            "settings": null,
            "type_permission": {
              "admin": [
                {
                  "attribute": null,
                  "attributes": [
                    "everyone",
                    "75921960-d5f8-a78c-75ca-8f231849dc94"
                  ],
                  "permit": "allow"
                }
              ],
              "create": [
                {
                  "attribute": "everyone",
                  "attributes": null,
                  "permit": "allow"
                }
              ],
              "delete": [
                {
                  "attribute": "everyone",
                  "attributes": null,
                  "permit": "allow"
                }
              ],
              "read": [
                {
                  "attribute": "everyone",
                  "attributes": null,
                  "permit": "allow"
                }
              ],
              "update": [
                {
                  "attribute": "everyone",
                  "attributes": null,
                  "permit": "allow"
                }
              ]
            },
            "workspace_id": "0e47b2e9-d1b5-456c-95fc-991b47120467"
          },
          "sensitive_attributes": [],
          "identity_schema_version": 0,
          "dependencies": [
            "tailor_auth.ims_auth",
            "tailor_auth_machine_user.r2d2",
            "tailor_tailordb.ims",
            "tailor_workspace.ims"
          ]
        }
      ]
    },
    {
      "mode": "managed",
      "type": "tailor_tailordb_type",
      "name": "user",
      "provider": "provider[\"registry.terraform.io/tailor-platform/tailor\"]",
      "instances": [
        {
          "schema_version": 0,
          "attributes": {
            "description": "User of the system.",
            "directives": null,
            "extends": null,
            "fields": {
              "email": {
                "allowed_values": null,
                "array": null,
                "description": "Email of the user.",
                "fields": null,
                "foreign_key": null,
                "hooks": null,
                "index": null,
                "required": true,
                "serial": null,
                "source": null,
                "type": "string",
                "unique": null,
                "validate": null,
                "vector": null
              },
              "name": {
                "allowed_values": null,
                "array": null,
                "description": "Name of the user.",
                "fields": null,
                "foreign_key": null,
                "hooks": null,
                "index": true,
                "required": true,
                "serial": null,
                "source": null,
                "type": "string",
                "unique": null,
                "validate": null,
                "vector": null
              },
              "roles": {
                "allowed_values": null,
                "array": true,
                "description": "Role IDs of the user.",
                "fields": null,
                "foreign_key": null,
                "hooks": null,
                "index": null,
                "required": null,
                "serial": null,
                "source": null,
                "type": "uuid",
                "unique": null,
                "validate": null,
                "vector": null
              }
            },
            "id": "trn:v1:workspace:0e47b2e9-d1b5-456c-95fc-991b47120467:tailordb:ims:type:User",
            "indexes": null,
            "name": "User",
            "namespace": "ims",
            "record_permission": null,
            "relationships": null,
            "settings": null,
            "type_permission": {
              "admin": [
                {
                  "attribute": null,
                  "attributes": [
                    "everyone",
                    "75921960-d5f8-a78c-75ca-8f231849dc94"
                  ],
                  "permit": "allow"
                }
              ],
              "create": [
                {
                  "attribute": "everyone",
                  "attributes": null,
                  "permit": "allow"
                }
              ],
              "delete": [
                {
                  "attribute": "everyone",
                  "attributes": null,
                  "permit": "allow"
                }
              ],
              "read": [
                {
                  "attribute": "everyone",
                  "attributes": null,
                  "permit": "allow"
                }
              ],
              "update": [
                {
                  "attribute": "everyone",
                  "attributes": null,
                  "permit": "allow"
                }
              ]
            },
            "workspace_id": "0e47b2e9-d1b5-456c-95fc-991b47120467"
          },
          "sensitive_attributes": [],
          "identity_schema_version": 0,
          "dependencies": [
            "tailor_auth.ims_auth",
            "tailor_auth_machine_user.r2d2",
            "tailor_tailordb.ims",
            "tailor_workspace.ims"
          ]
        }
      ]
    },
    {
      "mode": "managed",
      "type": "tailor_workspace",
      "name": "ims",
      "provider": "provider[\"registry.terraform.io/tailor-platform/tailor\"]",
      "instances": [
        {
          "schema_version": 0,
          "attributes": {
            "delete_protection": false,
            "folder_id": null,
            "id": "0e47b2e9-d1b5-456c-95fc-991b47120467",
            "name": "ims",
            "organization_id": null,
            "region": "us-west"
          },
          "sensitive_attributes": [],
          "identity_schema_version": 0
        }
      ]
    }
  ],
  "check_results": null
}
